// !$*UTF8*$!
{
	archiveVersion = 1;
	classes = {
	};
	objectVersion = 56;
	objects = {

/* Begin PBXBuildFile section */
		2904857E29FED53C00B7FF2B /* OrderHistoryView.swift in Sources */ = {isa = PBXBuildFile; fileRef = 2904857D29FED53B00B7FF2B /* OrderHistoryView.swift */; };
		2905CCAB29F5429800D4F968 /* MainView.swift in Sources */ = {isa = PBXBuildFile; fileRef = 2921201529DC65D4000661FB /* MainView.swift */; };
		2905CCAC29F5429800D4F968 /* LoadingView.swift in Sources */ = {isa = PBXBuildFile; fileRef = 2971E29129F1A1CF0077FCFC /* LoadingView.swift */; };
		2905CCAD29F5429800D4F968 /* Meal.swift in Sources */ = {isa = PBXBuildFile; fileRef = 2921201129DC4AC5000661FB /* Meal.swift */; };
		2905CCAE29F5429800D4F968 /* CustomStepper.swift in Sources */ = {isa = PBXBuildFile; fileRef = 2971E28829EB34400077FCFC /* CustomStepper.swift */; };
		2905CCAF29F5429800D4F968 /* CartProductView.swift in Sources */ = {isa = PBXBuildFile; fileRef = 2971E28A29EDCAC40077FCFC /* CartProductView.swift */; };
		2905CCB029F5429800D4F968 /* CartView.swift in Sources */ = {isa = PBXBuildFile; fileRef = 2971E28629EAD7DD0077FCFC /* CartView.swift */; };
		2905CCB129F5429800D4F968 /* MealViewModel.swift in Sources */ = {isa = PBXBuildFile; fileRef = 2921201329DC4D4C000661FB /* MealViewModel.swift */; };
		2905CCB229F5429800D4F968 /* ImageLoader.swift in Sources */ = {isa = PBXBuildFile; fileRef = 2921201A29DC949C000661FB /* ImageLoader.swift */; };
		2905CCB329F5429800D4F968 /* UserViewModel.swift in Sources */ = {isa = PBXBuildFile; fileRef = 2971E29529F2C2590077FCFC /* UserViewModel.swift */; };
		2905CCB429F5429800D4F968 /* MealDetailsView.swift in Sources */ = {isa = PBXBuildFile; fileRef = 2921201C29DED3B1000661FB /* MealDetailsView.swift */; };
		2905CCB529F5429800D4F968 /* User.swift in Sources */ = {isa = PBXBuildFile; fileRef = 2971E29329F2C2360077FCFC /* User.swift */; };
		2905CCB629F5429800D4F968 /* MealCard.swift in Sources */ = {isa = PBXBuildFile; fileRef = 2921201729DC9337000661FB /* MealCard.swift */; };
		2905CCB729F5429800D4F968 /* ContentView.swift in Sources */ = {isa = PBXBuildFile; fileRef = 2971E29729F2C64A0077FCFC /* ContentView.swift */; };
		2905CCB929F81D9000D4F968 /* PaymentView.swift in Sources */ = {isa = PBXBuildFile; fileRef = 2905CCB829F81D9000D4F968 /* PaymentView.swift */; };
		2905CCBB29F823BF00D4F968 /* PaymentProductCart.swift in Sources */ = {isa = PBXBuildFile; fileRef = 2905CCBA29F823BF00D4F968 /* PaymentProductCart.swift */; };
		2905CCC129F83CF600D4F968 /* OrderViewModel.swift in Sources */ = {isa = PBXBuildFile; fileRef = 2905CCC029F83CF600D4F968 /* OrderViewModel.swift */; };
		2905CCC329F83D0000D4F968 /* Order.swift in Sources */ = {isa = PBXBuildFile; fileRef = 2905CCC229F83D0000D4F968 /* Order.swift */; };
		290F25302A6182B10032BD56 /* SwiftMealDeliveryApp.swift in Sources */ = {isa = PBXBuildFile; fileRef = 290F252F2A6182B10032BD56 /* SwiftMealDeliveryApp.swift */; };
		290F25322A6182B10032BD56 /* ContentView.swift in Sources */ = {isa = PBXBuildFile; fileRef = 290F25312A6182B10032BD56 /* ContentView.swift */; };
		290F25342A6182B30032BD56 /* Assets.xcassets in Resources */ = {isa = PBXBuildFile; fileRef = 290F25332A6182B30032BD56 /* Assets.xcassets */; };
		290F25372A6182B30032BD56 /* Preview Assets.xcassets in Resources */ = {isa = PBXBuildFile; fileRef = 290F25362A6182B30032BD56 /* Preview Assets.xcassets */; };
		290F25412A6182B40032BD56 /* SwiftMealDeliveryTests.swift in Sources */ = {isa = PBXBuildFile; fileRef = 290F25402A6182B40032BD56 /* SwiftMealDeliveryTests.swift */; };
		290F254B2A6182B40032BD56 /* SwiftMealDeliveryUITests.swift in Sources */ = {isa = PBXBuildFile; fileRef = 290F254A2A6182B40032BD56 /* SwiftMealDeliveryUITests.swift */; };
		290F254D2A6182B40032BD56 /* SwiftMealDeliveryUITestsLaunchTests.swift in Sources */ = {isa = PBXBuildFile; fileRef = 290F254C2A6182B40032BD56 /* SwiftMealDeliveryUITestsLaunchTests.swift */; };
		29211FD129DB6DC0000661FB /* SwiftMealApp.swift in Sources */ = {isa = PBXBuildFile; fileRef = 29211FD029DB6DC0000661FB /* SwiftMealApp.swift */; };
		29211FD529DB6DC1000661FB /* Assets.xcassets in Resources */ = {isa = PBXBuildFile; fileRef = 29211FD429DB6DC1000661FB /* Assets.xcassets */; };
		29211FD829DB6DC1000661FB /* Preview Assets.xcassets in Resources */ = {isa = PBXBuildFile; fileRef = 29211FD729DB6DC1000661FB /* Preview Assets.xcassets */; };
		29211FE229DB6DC2000661FB /* SwiftMealTests.swift in Sources */ = {isa = PBXBuildFile; fileRef = 29211FE129DB6DC2000661FB /* SwiftMealTests.swift */; };
		29211FEC29DB6DC2000661FB /* SwiftMealUITests.swift in Sources */ = {isa = PBXBuildFile; fileRef = 29211FEB29DB6DC2000661FB /* SwiftMealUITests.swift */; };
		29211FEE29DB6DC2000661FB /* SwiftMealUITestsLaunchTests.swift in Sources */ = {isa = PBXBuildFile; fileRef = 29211FED29DB6DC2000661FB /* SwiftMealUITestsLaunchTests.swift */; };
		2921201229DC4AC5000661FB /* Meal.swift in Sources */ = {isa = PBXBuildFile; fileRef = 2921201129DC4AC5000661FB /* Meal.swift */; };
		2921201429DC4D4C000661FB /* MealViewModel.swift in Sources */ = {isa = PBXBuildFile; fileRef = 2921201329DC4D4C000661FB /* MealViewModel.swift */; };
		2921201629DC65D4000661FB /* MainView.swift in Sources */ = {isa = PBXBuildFile; fileRef = 2921201529DC65D4000661FB /* MainView.swift */; };
		2921201829DC9337000661FB /* MealCard.swift in Sources */ = {isa = PBXBuildFile; fileRef = 2921201729DC9337000661FB /* MealCard.swift */; };
		2921201B29DC949C000661FB /* ImageLoader.swift in Sources */ = {isa = PBXBuildFile; fileRef = 2921201A29DC949C000661FB /* ImageLoader.swift */; };
		2921201D29DED3B1000661FB /* MealDetailsView.swift in Sources */ = {isa = PBXBuildFile; fileRef = 2921201C29DED3B1000661FB /* MealDetailsView.swift */; };
		2921202129E1DB52000661FB /* GoogleService-Info.plist in Resources */ = {isa = PBXBuildFile; fileRef = 2921202029E1DB52000661FB /* GoogleService-Info.plist */; };
		2921202229E1DB52000661FB /* GoogleService-Info.plist in Resources */ = {isa = PBXBuildFile; fileRef = 2921202029E1DB52000661FB /* GoogleService-Info.plist */; };
		2921202329E1DB52000661FB /* GoogleService-Info.plist in Resources */ = {isa = PBXBuildFile; fileRef = 2921202029E1DB52000661FB /* GoogleService-Info.plist */; };
		29272FBF2A696299008BDFE1 /* GoogleService-Info.plist in Resources */ = {isa = PBXBuildFile; fileRef = 2921202029E1DB52000661FB /* GoogleService-Info.plist */; };
		29272FC12A696393008BDFE1 /* Order.swift in Sources */ = {isa = PBXBuildFile; fileRef = 2905CCC229F83D0000D4F968 /* Order.swift */; };
		29272FC22A696398008BDFE1 /* Order.swift in Sources */ = {isa = PBXBuildFile; fileRef = 2905CCC229F83D0000D4F968 /* Order.swift */; };
		29272FC32A696399008BDFE1 /* Order.swift in Sources */ = {isa = PBXBuildFile; fileRef = 2905CCC229F83D0000D4F968 /* Order.swift */; };
		29272FC62A696412008BDFE1 /* OrderViewModel.swift in Sources */ = {isa = PBXBuildFile; fileRef = 29272FC52A696412008BDFE1 /* OrderViewModel.swift */; };
		29272FC92A69648C008BDFE1 /* FirebaseAuth in Frameworks */ = {isa = PBXBuildFile; productRef = 29272FC82A69648C008BDFE1 /* FirebaseAuth */; };
		29272FCB2A696499008BDFE1 /* FirebaseFirestore in Frameworks */ = {isa = PBXBuildFile; productRef = 29272FCA2A696499008BDFE1 /* FirebaseFirestore */; };
		29272FCD2A6964A4008BDFE1 /* FirebaseFirestoreSwift in Frameworks */ = {isa = PBXBuildFile; productRef = 29272FCC2A6964A4008BDFE1 /* FirebaseFirestoreSwift */; };
		29272FCF2A6964BB008BDFE1 /* FirebaseStorage in Frameworks */ = {isa = PBXBuildFile; productRef = 29272FCE2A6964BB008BDFE1 /* FirebaseStorage */; };
		29272FD02A696A15008BDFE1 /* OrderStatus.swift in Sources */ = {isa = PBXBuildFile; fileRef = 2991C6C22A60388900581AC5 /* OrderStatus.swift */; };
		29272FD12A696A15008BDFE1 /* OrderStatus.swift in Sources */ = {isa = PBXBuildFile; fileRef = 2991C6C22A60388900581AC5 /* OrderStatus.swift */; };
		29272FD22A696A15008BDFE1 /* OrderStatus.swift in Sources */ = {isa = PBXBuildFile; fileRef = 2991C6C22A60388900581AC5 /* OrderStatus.swift */; };
		29272FD72A6C6B1E008BDFE1 /* HomeView.swift in Sources */ = {isa = PBXBuildFile; fileRef = 29272FD62A6C6B1E008BDFE1 /* HomeView.swift */; };
		2971E28729EAD7DD0077FCFC /* CartView.swift in Sources */ = {isa = PBXBuildFile; fileRef = 2971E28629EAD7DD0077FCFC /* CartView.swift */; };
		2971E28929EB34400077FCFC /* CustomStepper.swift in Sources */ = {isa = PBXBuildFile; fileRef = 2971E28829EB34400077FCFC /* CustomStepper.swift */; };
		2971E28B29EDCAC40077FCFC /* CartProductView.swift in Sources */ = {isa = PBXBuildFile; fileRef = 2971E28A29EDCAC40077FCFC /* CartProductView.swift */; };
		2971E29229F1A1CF0077FCFC /* LoadingView.swift in Sources */ = {isa = PBXBuildFile; fileRef = 2971E29129F1A1CF0077FCFC /* LoadingView.swift */; };
		2971E29429F2C2360077FCFC /* User.swift in Sources */ = {isa = PBXBuildFile; fileRef = 2971E29329F2C2360077FCFC /* User.swift */; };
		2971E29629F2C2590077FCFC /* UserViewModel.swift in Sources */ = {isa = PBXBuildFile; fileRef = 2971E29529F2C2590077FCFC /* UserViewModel.swift */; };
		2971E29829F2C64A0077FCFC /* ContentView.swift in Sources */ = {isa = PBXBuildFile; fileRef = 2971E29729F2C64A0077FCFC /* ContentView.swift */; };
		2991C6C32A60388900581AC5 /* OrderStatus.swift in Sources */ = {isa = PBXBuildFile; fileRef = 2991C6C22A60388900581AC5 /* OrderStatus.swift */; };
		29A795E42A4F19DE0018824F /* FirebaseAuth in Frameworks */ = {isa = PBXBuildFile; productRef = 29A795E32A4F19DE0018824F /* FirebaseAuth */; };
		29A795E62A4F19DE0018824F /* FirebaseFirestore in Frameworks */ = {isa = PBXBuildFile; productRef = 29A795E52A4F19DE0018824F /* FirebaseFirestore */; };
		29A795E82A4F19DE0018824F /* FirebaseFirestoreSwift in Frameworks */ = {isa = PBXBuildFile; productRef = 29A795E72A4F19DE0018824F /* FirebaseFirestoreSwift */; };
		29A795EA2A4F19DE0018824F /* FirebaseStorage in Frameworks */ = {isa = PBXBuildFile; productRef = 29A795E92A4F19DE0018824F /* FirebaseStorage */; };
		29A979DE2A54A42F003A2168 /* CategoryPicker.swift in Sources */ = {isa = PBXBuildFile; fileRef = 29A979DD2A54A42F003A2168 /* CategoryPicker.swift */; };
		29A979E22A5F3FE8003A2168 /* OrderDetailsView.swift in Sources */ = {isa = PBXBuildFile; fileRef = 29A979E12A5F3FE8003A2168 /* OrderDetailsView.swift */; };
		29C649D22A76F67E00C12A09 /* ActiveOrderCard.swift in Sources */ = {isa = PBXBuildFile; fileRef = 29C649D12A76F67E00C12A09 /* ActiveOrderCard.swift */; };
		29C649D52A79448F00C12A09 /* User.swift in Sources */ = {isa = PBXBuildFile; fileRef = 29C649D42A79448F00C12A09 /* User.swift */; };
		29C649D82A7944BA00C12A09 /* AuthViewModel.swift in Sources */ = {isa = PBXBuildFile; fileRef = 29C649D72A7944BA00C12A09 /* AuthViewModel.swift */; };
		29C649DA2A79453500C12A09 /* AuthenticationView.swift in Sources */ = {isa = PBXBuildFile; fileRef = 29C649D92A79453500C12A09 /* AuthenticationView.swift */; };
		29C649DD2A79922900C12A09 /* SignUpView.swift in Sources */ = {isa = PBXBuildFile; fileRef = 29C649DC2A79922900C12A09 /* SignUpView.swift */; };
		29C649DF2A79923200C12A09 /* SignInView.swift in Sources */ = {isa = PBXBuildFile; fileRef = 29C649DE2A79923200C12A09 /* SignInView.swift */; };
		29C649E22A7D89E100C12A09 /* SwiftMealDelivery-Info.plist in Resources */ = {isa = PBXBuildFile; fileRef = 29C649E12A7D89E100C12A09 /* SwiftMealDelivery-Info.plist */; };
		29C649E42A7D95A100C12A09 /* LoadingView.swift in Sources */ = {isa = PBXBuildFile; fileRef = 29C649E32A7D95A100C12A09 /* LoadingView.swift */; };
		29C649E62A803D1100C12A09 /* AuthButton.swift in Sources */ = {isa = PBXBuildFile; fileRef = 29C649E52A803D1100C12A09 /* AuthButton.swift */; };
		29C649E82A803D3F00C12A09 /* TogglePasswordView.swift in Sources */ = {isa = PBXBuildFile; fileRef = 29C649E72A803D3F00C12A09 /* TogglePasswordView.swift */; };
		29C649EA2A803D6500C12A09 /* AuthTextField.swift in Sources */ = {isa = PBXBuildFile; fileRef = 29C649E92A803D6500C12A09 /* AuthTextField.swift */; };
		29C649EC2A803E3300C12A09 /* LogoView.swift in Sources */ = {isa = PBXBuildFile; fileRef = 29C649EB2A803E3300C12A09 /* LogoView.swift */; };
/* End PBXBuildFile section */

/* Begin PBXContainerItemProxy section */
		290F253D2A6182B40032BD56 /* PBXContainerItemProxy */ = {
			isa = PBXContainerItemProxy;
			containerPortal = 29211FC529DB6DC0000661FB /* Project object */;
			proxyType = 1;
			remoteGlobalIDString = 290F252C2A6182B10032BD56;
			remoteInfo = SwiftMealDelivery;
		};
		290F25472A6182B40032BD56 /* PBXContainerItemProxy */ = {
			isa = PBXContainerItemProxy;
			containerPortal = 29211FC529DB6DC0000661FB /* Project object */;
			proxyType = 1;
			remoteGlobalIDString = 290F252C2A6182B10032BD56;
			remoteInfo = SwiftMealDelivery;
		};
		29211FDE29DB6DC2000661FB /* PBXContainerItemProxy */ = {
			isa = PBXContainerItemProxy;
			containerPortal = 29211FC529DB6DC0000661FB /* Project object */;
			proxyType = 1;
			remoteGlobalIDString = 29211FCC29DB6DC0000661FB;
			remoteInfo = SwiftMeal;
		};
		29211FE829DB6DC2000661FB /* PBXContainerItemProxy */ = {
			isa = PBXContainerItemProxy;
			containerPortal = 29211FC529DB6DC0000661FB /* Project object */;
			proxyType = 1;
			remoteGlobalIDString = 29211FCC29DB6DC0000661FB;
			remoteInfo = SwiftMeal;
		};
/* End PBXContainerItemProxy section */

/* Begin PBXFileReference section */
		2904857D29FED53B00B7FF2B /* OrderHistoryView.swift */ = {isa = PBXFileReference; lastKnownFileType = sourcecode.swift; path = OrderHistoryView.swift; sourceTree = "<group>"; };
		2905CCB829F81D9000D4F968 /* PaymentView.swift */ = {isa = PBXFileReference; lastKnownFileType = sourcecode.swift; path = PaymentView.swift; sourceTree = "<group>"; };
		2905CCBA29F823BF00D4F968 /* PaymentProductCart.swift */ = {isa = PBXFileReference; lastKnownFileType = sourcecode.swift; path = PaymentProductCart.swift; sourceTree = "<group>"; };
		2905CCC029F83CF600D4F968 /* OrderViewModel.swift */ = {isa = PBXFileReference; lastKnownFileType = sourcecode.swift; path = OrderViewModel.swift; sourceTree = "<group>"; };
		2905CCC229F83D0000D4F968 /* Order.swift */ = {isa = PBXFileReference; lastKnownFileType = sourcecode.swift; path = Order.swift; sourceTree = "<group>"; };
		290F252D2A6182B10032BD56 /* SwiftMealDelivery.app */ = {isa = PBXFileReference; explicitFileType = wrapper.application; includeInIndex = 0; path = SwiftMealDelivery.app; sourceTree = BUILT_PRODUCTS_DIR; };
		290F252F2A6182B10032BD56 /* SwiftMealDeliveryApp.swift */ = {isa = PBXFileReference; lastKnownFileType = sourcecode.swift; path = SwiftMealDeliveryApp.swift; sourceTree = "<group>"; };
		290F25312A6182B10032BD56 /* ContentView.swift */ = {isa = PBXFileReference; lastKnownFileType = sourcecode.swift; path = ContentView.swift; sourceTree = "<group>"; };
		290F25332A6182B30032BD56 /* Assets.xcassets */ = {isa = PBXFileReference; lastKnownFileType = folder.assetcatalog; path = Assets.xcassets; sourceTree = "<group>"; };
		290F25362A6182B30032BD56 /* Preview Assets.xcassets */ = {isa = PBXFileReference; lastKnownFileType = folder.assetcatalog; path = "Preview Assets.xcassets"; sourceTree = "<group>"; };
		290F253C2A6182B40032BD56 /* SwiftMealDeliveryTests.xctest */ = {isa = PBXFileReference; explicitFileType = wrapper.cfbundle; includeInIndex = 0; path = SwiftMealDeliveryTests.xctest; sourceTree = BUILT_PRODUCTS_DIR; };
		290F25402A6182B40032BD56 /* SwiftMealDeliveryTests.swift */ = {isa = PBXFileReference; lastKnownFileType = sourcecode.swift; path = SwiftMealDeliveryTests.swift; sourceTree = "<group>"; };
		290F25462A6182B40032BD56 /* SwiftMealDeliveryUITests.xctest */ = {isa = PBXFileReference; explicitFileType = wrapper.cfbundle; includeInIndex = 0; path = SwiftMealDeliveryUITests.xctest; sourceTree = BUILT_PRODUCTS_DIR; };
		290F254A2A6182B40032BD56 /* SwiftMealDeliveryUITests.swift */ = {isa = PBXFileReference; lastKnownFileType = sourcecode.swift; path = SwiftMealDeliveryUITests.swift; sourceTree = "<group>"; };
		290F254C2A6182B40032BD56 /* SwiftMealDeliveryUITestsLaunchTests.swift */ = {isa = PBXFileReference; lastKnownFileType = sourcecode.swift; path = SwiftMealDeliveryUITestsLaunchTests.swift; sourceTree = "<group>"; };
		29211FCD29DB6DC0000661FB /* SwiftMeal.app */ = {isa = PBXFileReference; explicitFileType = wrapper.application; includeInIndex = 0; path = SwiftMeal.app; sourceTree = BUILT_PRODUCTS_DIR; };
		29211FD029DB6DC0000661FB /* SwiftMealApp.swift */ = {isa = PBXFileReference; lastKnownFileType = sourcecode.swift; path = SwiftMealApp.swift; sourceTree = "<group>"; };
		29211FD429DB6DC1000661FB /* Assets.xcassets */ = {isa = PBXFileReference; lastKnownFileType = folder.assetcatalog; path = Assets.xcassets; sourceTree = "<group>"; };
		29211FD729DB6DC1000661FB /* Preview Assets.xcassets */ = {isa = PBXFileReference; lastKnownFileType = folder.assetcatalog; path = "Preview Assets.xcassets"; sourceTree = "<group>"; };
		29211FDD29DB6DC2000661FB /* SwiftMealTests.xctest */ = {isa = PBXFileReference; explicitFileType = wrapper.cfbundle; includeInIndex = 0; path = SwiftMealTests.xctest; sourceTree = BUILT_PRODUCTS_DIR; };
		29211FE129DB6DC2000661FB /* SwiftMealTests.swift */ = {isa = PBXFileReference; lastKnownFileType = sourcecode.swift; path = SwiftMealTests.swift; sourceTree = "<group>"; };
		29211FE729DB6DC2000661FB /* SwiftMealUITests.xctest */ = {isa = PBXFileReference; explicitFileType = wrapper.cfbundle; includeInIndex = 0; path = SwiftMealUITests.xctest; sourceTree = BUILT_PRODUCTS_DIR; };
		29211FEB29DB6DC2000661FB /* SwiftMealUITests.swift */ = {isa = PBXFileReference; lastKnownFileType = sourcecode.swift; path = SwiftMealUITests.swift; sourceTree = "<group>"; };
		29211FED29DB6DC2000661FB /* SwiftMealUITestsLaunchTests.swift */ = {isa = PBXFileReference; lastKnownFileType = sourcecode.swift; path = SwiftMealUITestsLaunchTests.swift; sourceTree = "<group>"; };
		2921201129DC4AC5000661FB /* Meal.swift */ = {isa = PBXFileReference; lastKnownFileType = sourcecode.swift; path = Meal.swift; sourceTree = "<group>"; };
		2921201329DC4D4C000661FB /* MealViewModel.swift */ = {isa = PBXFileReference; lastKnownFileType = sourcecode.swift; path = MealViewModel.swift; sourceTree = "<group>"; };
		2921201529DC65D4000661FB /* MainView.swift */ = {isa = PBXFileReference; lastKnownFileType = sourcecode.swift; path = MainView.swift; sourceTree = "<group>"; };
		2921201729DC9337000661FB /* MealCard.swift */ = {isa = PBXFileReference; lastKnownFileType = sourcecode.swift; path = MealCard.swift; sourceTree = "<group>"; };
		2921201A29DC949C000661FB /* ImageLoader.swift */ = {isa = PBXFileReference; lastKnownFileType = sourcecode.swift; path = ImageLoader.swift; sourceTree = "<group>"; };
		2921201C29DED3B1000661FB /* MealDetailsView.swift */ = {isa = PBXFileReference; lastKnownFileType = sourcecode.swift; path = MealDetailsView.swift; sourceTree = "<group>"; };
		2921202029E1DB52000661FB /* GoogleService-Info.plist */ = {isa = PBXFileReference; fileEncoding = 4; lastKnownFileType = text.plist.xml; path = "GoogleService-Info.plist"; sourceTree = "<group>"; };
		29272FC52A696412008BDFE1 /* OrderViewModel.swift */ = {isa = PBXFileReference; lastKnownFileType = sourcecode.swift; path = OrderViewModel.swift; sourceTree = "<group>"; };
		29272FD62A6C6B1E008BDFE1 /* HomeView.swift */ = {isa = PBXFileReference; lastKnownFileType = sourcecode.swift; path = HomeView.swift; sourceTree = "<group>"; };
		2971E28629EAD7DD0077FCFC /* CartView.swift */ = {isa = PBXFileReference; lastKnownFileType = sourcecode.swift; path = CartView.swift; sourceTree = "<group>"; };
		2971E28829EB34400077FCFC /* CustomStepper.swift */ = {isa = PBXFileReference; lastKnownFileType = sourcecode.swift; path = CustomStepper.swift; sourceTree = "<group>"; };
		2971E28A29EDCAC40077FCFC /* CartProductView.swift */ = {isa = PBXFileReference; lastKnownFileType = sourcecode.swift; path = CartProductView.swift; sourceTree = "<group>"; };
		2971E29129F1A1CF0077FCFC /* LoadingView.swift */ = {isa = PBXFileReference; lastKnownFileType = sourcecode.swift; path = LoadingView.swift; sourceTree = "<group>"; };
		2971E29329F2C2360077FCFC /* User.swift */ = {isa = PBXFileReference; lastKnownFileType = sourcecode.swift; path = User.swift; sourceTree = "<group>"; };
		2971E29529F2C2590077FCFC /* UserViewModel.swift */ = {isa = PBXFileReference; lastKnownFileType = sourcecode.swift; path = UserViewModel.swift; sourceTree = "<group>"; };
		2971E29729F2C64A0077FCFC /* ContentView.swift */ = {isa = PBXFileReference; lastKnownFileType = sourcecode.swift; path = ContentView.swift; sourceTree = "<group>"; };
		2991C6C22A60388900581AC5 /* OrderStatus.swift */ = {isa = PBXFileReference; lastKnownFileType = sourcecode.swift; path = OrderStatus.swift; sourceTree = "<group>"; };
		29A979DD2A54A42F003A2168 /* CategoryPicker.swift */ = {isa = PBXFileReference; lastKnownFileType = sourcecode.swift; path = CategoryPicker.swift; sourceTree = "<group>"; };
		29A979E12A5F3FE8003A2168 /* OrderDetailsView.swift */ = {isa = PBXFileReference; lastKnownFileType = sourcecode.swift; path = OrderDetailsView.swift; sourceTree = "<group>"; };
		29C649D12A76F67E00C12A09 /* ActiveOrderCard.swift */ = {isa = PBXFileReference; lastKnownFileType = sourcecode.swift; path = ActiveOrderCard.swift; sourceTree = "<group>"; };
		29C649D42A79448F00C12A09 /* User.swift */ = {isa = PBXFileReference; lastKnownFileType = sourcecode.swift; path = User.swift; sourceTree = "<group>"; };
		29C649D72A7944BA00C12A09 /* AuthViewModel.swift */ = {isa = PBXFileReference; lastKnownFileType = sourcecode.swift; path = AuthViewModel.swift; sourceTree = "<group>"; };
		29C649D92A79453500C12A09 /* AuthenticationView.swift */ = {isa = PBXFileReference; lastKnownFileType = sourcecode.swift; path = AuthenticationView.swift; sourceTree = "<group>"; };
		29C649DC2A79922900C12A09 /* SignUpView.swift */ = {isa = PBXFileReference; lastKnownFileType = sourcecode.swift; path = SignUpView.swift; sourceTree = "<group>"; };
		29C649DE2A79923200C12A09 /* SignInView.swift */ = {isa = PBXFileReference; lastKnownFileType = sourcecode.swift; path = SignInView.swift; sourceTree = "<group>"; };
		29C649E12A7D89E100C12A09 /* SwiftMealDelivery-Info.plist */ = {isa = PBXFileReference; fileEncoding = 4; lastKnownFileType = text.plist.xml; path = "SwiftMealDelivery-Info.plist"; sourceTree = "<group>"; };
		29C649E32A7D95A100C12A09 /* LoadingView.swift */ = {isa = PBXFileReference; lastKnownFileType = sourcecode.swift; path = LoadingView.swift; sourceTree = "<group>"; };
		29C649E52A803D1100C12A09 /* AuthButton.swift */ = {isa = PBXFileReference; lastKnownFileType = sourcecode.swift; path = AuthButton.swift; sourceTree = "<group>"; };
		29C649E72A803D3F00C12A09 /* TogglePasswordView.swift */ = {isa = PBXFileReference; lastKnownFileType = sourcecode.swift; path = TogglePasswordView.swift; sourceTree = "<group>"; };
		29C649E92A803D6500C12A09 /* AuthTextField.swift */ = {isa = PBXFileReference; lastKnownFileType = sourcecode.swift; path = AuthTextField.swift; sourceTree = "<group>"; };
		29C649EB2A803E3300C12A09 /* LogoView.swift */ = {isa = PBXFileReference; lastKnownFileType = sourcecode.swift; path = LogoView.swift; sourceTree = "<group>"; };
/* End PBXFileReference section */

/* Begin PBXFrameworksBuildPhase section */
		290F252A2A6182B10032BD56 /* Frameworks */ = {
			isa = PBXFrameworksBuildPhase;
			buildActionMask = 2147483647;
			files = (
				29272FC92A69648C008BDFE1 /* FirebaseAuth in Frameworks */,
				29272FCF2A6964BB008BDFE1 /* FirebaseStorage in Frameworks */,
				29272FCB2A696499008BDFE1 /* FirebaseFirestore in Frameworks */,
				29272FCD2A6964A4008BDFE1 /* FirebaseFirestoreSwift in Frameworks */,
			);
			runOnlyForDeploymentPostprocessing = 0;
		};
		290F25392A6182B40032BD56 /* Frameworks */ = {
			isa = PBXFrameworksBuildPhase;
			buildActionMask = 2147483647;
			files = (
			);
			runOnlyForDeploymentPostprocessing = 0;
		};
		290F25432A6182B40032BD56 /* Frameworks */ = {
			isa = PBXFrameworksBuildPhase;
			buildActionMask = 2147483647;
			files = (
			);
			runOnlyForDeploymentPostprocessing = 0;
		};
		29211FCA29DB6DC0000661FB /* Frameworks */ = {
			isa = PBXFrameworksBuildPhase;
			buildActionMask = 2147483647;
			files = (
				29A795E42A4F19DE0018824F /* FirebaseAuth in Frameworks */,
				29A795EA2A4F19DE0018824F /* FirebaseStorage in Frameworks */,
				29A795E62A4F19DE0018824F /* FirebaseFirestore in Frameworks */,
				29A795E82A4F19DE0018824F /* FirebaseFirestoreSwift in Frameworks */,
			);
			runOnlyForDeploymentPostprocessing = 0;
		};
		29211FDA29DB6DC2000661FB /* Frameworks */ = {
			isa = PBXFrameworksBuildPhase;
			buildActionMask = 2147483647;
			files = (
			);
			runOnlyForDeploymentPostprocessing = 0;
		};
		29211FE429DB6DC2000661FB /* Frameworks */ = {
			isa = PBXFrameworksBuildPhase;
			buildActionMask = 2147483647;
			files = (
			);
			runOnlyForDeploymentPostprocessing = 0;
		};
/* End PBXFrameworksBuildPhase section */

/* Begin PBXGroup section */
		290F252E2A6182B10032BD56 /* SwiftMealDelivery */ = {
			isa = PBXGroup;
			children = (
				29C649E12A7D89E100C12A09 /* SwiftMealDelivery-Info.plist */,
				29C649D32A79448200C12A09 /* Models */,
				29272FD52A6C6B06008BDFE1 /* Views */,
				29272FC42A6963D9008BDFE1 /* ViewModels */,
				290F252F2A6182B10032BD56 /* SwiftMealDeliveryApp.swift */,
				290F25332A6182B30032BD56 /* Assets.xcassets */,
				290F25352A6182B30032BD56 /* Preview Content */,
			);
			path = SwiftMealDelivery;
			sourceTree = "<group>";
		};
		290F25352A6182B30032BD56 /* Preview Content */ = {
			isa = PBXGroup;
			children = (
				290F25362A6182B30032BD56 /* Preview Assets.xcassets */,
			);
			path = "Preview Content";
			sourceTree = "<group>";
		};
		290F253F2A6182B40032BD56 /* SwiftMealDeliveryTests */ = {
			isa = PBXGroup;
			children = (
				290F25402A6182B40032BD56 /* SwiftMealDeliveryTests.swift */,
			);
			path = SwiftMealDeliveryTests;
			sourceTree = "<group>";
		};
		290F25492A6182B40032BD56 /* SwiftMealDeliveryUITests */ = {
			isa = PBXGroup;
			children = (
				290F254A2A6182B40032BD56 /* SwiftMealDeliveryUITests.swift */,
				290F254C2A6182B40032BD56 /* SwiftMealDeliveryUITestsLaunchTests.swift */,
			);
			path = SwiftMealDeliveryUITests;
			sourceTree = "<group>";
		};
		29211FC429DB6DC0000661FB = {
			isa = PBXGroup;
			children = (
				29272FD92A6C6CF3008BDFE1 /* SwiftMealDelivery */,
				29272FD82A6C6CE5008BDFE1 /* SwiftMeal */,
				29272FBE2A696272008BDFE1 /* Shared */,
				29211FCE29DB6DC0000661FB /* Products */,
				29272FC72A69648C008BDFE1 /* Frameworks */,
			);
			sourceTree = "<group>";
		};
		29211FCE29DB6DC0000661FB /* Products */ = {
			isa = PBXGroup;
			children = (
				29211FCD29DB6DC0000661FB /* SwiftMeal.app */,
				29211FDD29DB6DC2000661FB /* SwiftMealTests.xctest */,
				29211FE729DB6DC2000661FB /* SwiftMealUITests.xctest */,
				290F252D2A6182B10032BD56 /* SwiftMealDelivery.app */,
				290F253C2A6182B40032BD56 /* SwiftMealDeliveryTests.xctest */,
				290F25462A6182B40032BD56 /* SwiftMealDeliveryUITests.xctest */,
			);
			name = Products;
			sourceTree = "<group>";
		};
		29211FCF29DB6DC0000661FB /* SwiftMeal */ = {
			isa = PBXGroup;
			children = (
				29211FD429DB6DC1000661FB /* Assets.xcassets */,
				2921201929DC948B000661FB /* Extensions */,
				2921201029DC4AB6000661FB /* Views */,
				2921200F29DC4AAD000661FB /* ViewModels */,
				2921200E29DC4A96000661FB /* Models */,
				29211FD029DB6DC0000661FB /* SwiftMealApp.swift */,
				29211FD629DB6DC1000661FB /* Preview Content */,
			);
			path = SwiftMeal;
			sourceTree = "<group>";
		};
		29211FD629DB6DC1000661FB /* Preview Content */ = {
			isa = PBXGroup;
			children = (
				29211FD729DB6DC1000661FB /* Preview Assets.xcassets */,
			);
			path = "Preview Content";
			sourceTree = "<group>";
		};
		29211FE029DB6DC2000661FB /* SwiftMealTests */ = {
			isa = PBXGroup;
			children = (
				29211FE129DB6DC2000661FB /* SwiftMealTests.swift */,
			);
			path = SwiftMealTests;
			sourceTree = "<group>";
		};
		29211FEA29DB6DC2000661FB /* SwiftMealUITests */ = {
			isa = PBXGroup;
			children = (
				29211FEB29DB6DC2000661FB /* SwiftMealUITests.swift */,
				29211FED29DB6DC2000661FB /* SwiftMealUITestsLaunchTests.swift */,
			);
			path = SwiftMealUITests;
			sourceTree = "<group>";
		};
		2921200E29DC4A96000661FB /* Models */ = {
			isa = PBXGroup;
			children = (
				2921201129DC4AC5000661FB /* Meal.swift */,
				2971E29329F2C2360077FCFC /* User.swift */,
			);
			path = Models;
			sourceTree = "<group>";
		};
		2921200F29DC4AAD000661FB /* ViewModels */ = {
			isa = PBXGroup;
			children = (
				2921201329DC4D4C000661FB /* MealViewModel.swift */,
				2971E29529F2C2590077FCFC /* UserViewModel.swift */,
				2905CCC029F83CF600D4F968 /* OrderViewModel.swift */,
			);
			path = ViewModels;
			sourceTree = "<group>";
		};
		2921201029DC4AB6000661FB /* Views */ = {
			isa = PBXGroup;
			children = (
				2921201529DC65D4000661FB /* MainView.swift */,
				2921201729DC9337000661FB /* MealCard.swift */,
				2921201C29DED3B1000661FB /* MealDetailsView.swift */,
				2971E28629EAD7DD0077FCFC /* CartView.swift */,
				2971E28A29EDCAC40077FCFC /* CartProductView.swift */,
				2971E29129F1A1CF0077FCFC /* LoadingView.swift */,
				2971E29729F2C64A0077FCFC /* ContentView.swift */,
				2905CCB829F81D9000D4F968 /* PaymentView.swift */,
				2905CCBA29F823BF00D4F968 /* PaymentProductCart.swift */,
				2904857D29FED53B00B7FF2B /* OrderHistoryView.swift */,
				29A979DD2A54A42F003A2168 /* CategoryPicker.swift */,
				29A979E12A5F3FE8003A2168 /* OrderDetailsView.swift */,
			);
			path = Views;
			sourceTree = "<group>";
		};
		2921201929DC948B000661FB /* Extensions */ = {
			isa = PBXGroup;
			children = (
				2921201A29DC949C000661FB /* ImageLoader.swift */,
				2971E28829EB34400077FCFC /* CustomStepper.swift */,
			);
			path = Extensions;
			sourceTree = "<group>";
		};
		29272FBE2A696272008BDFE1 /* Shared */ = {
			isa = PBXGroup;
			children = (
				2921202029E1DB52000661FB /* GoogleService-Info.plist */,
				29272FC02A69636D008BDFE1 /* Models */,
			);
			path = Shared;
			sourceTree = "<group>";
		};
		29272FC02A69636D008BDFE1 /* Models */ = {
			isa = PBXGroup;
			children = (
				2905CCC229F83D0000D4F968 /* Order.swift */,
				2991C6C22A60388900581AC5 /* OrderStatus.swift */,
			);
			path = Models;
			sourceTree = "<group>";
		};
		29272FC42A6963D9008BDFE1 /* ViewModels */ = {
			isa = PBXGroup;
			children = (
				29272FC52A696412008BDFE1 /* OrderViewModel.swift */,
				29C649D72A7944BA00C12A09 /* AuthViewModel.swift */,
			);
			path = ViewModels;
			sourceTree = "<group>";
		};
		29272FC72A69648C008BDFE1 /* Frameworks */ = {
			isa = PBXGroup;
			children = (
			);
			name = Frameworks;
			sourceTree = "<group>";
		};
		29272FD52A6C6B06008BDFE1 /* Views */ = {
			isa = PBXGroup;
			children = (
				29C649DB2A79920300C12A09 /* Auth */,
				290F25312A6182B10032BD56 /* ContentView.swift */,
				29272FD62A6C6B1E008BDFE1 /* HomeView.swift */,
				29C649D12A76F67E00C12A09 /* ActiveOrderCard.swift */,
				29C649E32A7D95A100C12A09 /* LoadingView.swift */,
				29C649EB2A803E3300C12A09 /* LogoView.swift */,
			);
			path = Views;
			sourceTree = "<group>";
		};
		29272FD82A6C6CE5008BDFE1 /* SwiftMeal */ = {
			isa = PBXGroup;
			children = (
				29211FCF29DB6DC0000661FB /* SwiftMeal */,
				29211FE029DB6DC2000661FB /* SwiftMealTests */,
				29211FEA29DB6DC2000661FB /* SwiftMealUITests */,
			);
			path = SwiftMeal;
			sourceTree = "<group>";
		};
		29272FD92A6C6CF3008BDFE1 /* SwiftMealDelivery */ = {
			isa = PBXGroup;
			children = (
				290F252E2A6182B10032BD56 /* SwiftMealDelivery */,
				290F253F2A6182B40032BD56 /* SwiftMealDeliveryTests */,
				290F25492A6182B40032BD56 /* SwiftMealDeliveryUITests */,
			);
			path = SwiftMealDelivery;
			sourceTree = "<group>";
		};
		29C649D32A79448200C12A09 /* Models */ = {
			isa = PBXGroup;
			children = (
				29C649D42A79448F00C12A09 /* User.swift */,
			);
			path = Models;
			sourceTree = "<group>";
		};
		29C649DB2A79920300C12A09 /* Auth */ = {
			isa = PBXGroup;
			children = (
				29C649ED2A803FA400C12A09 /* Components */,
				29C649D92A79453500C12A09 /* AuthenticationView.swift */,
				29C649DC2A79922900C12A09 /* SignUpView.swift */,
				29C649DE2A79923200C12A09 /* SignInView.swift */,
			);
			path = Auth;
			sourceTree = "<group>";
		};
		29C649ED2A803FA400C12A09 /* Components */ = {
			isa = PBXGroup;
			children = (
				29C649E52A803D1100C12A09 /* AuthButton.swift */,
				29C649E72A803D3F00C12A09 /* TogglePasswordView.swift */,
				29C649E92A803D6500C12A09 /* AuthTextField.swift */,
			);
			path = Components;
			sourceTree = "<group>";
		};
/* End PBXGroup section */

/* Begin PBXNativeTarget section */
		290F252C2A6182B10032BD56 /* SwiftMealDelivery */ = {
			isa = PBXNativeTarget;
			buildConfigurationList = 290F25542A6182B40032BD56 /* Build configuration list for PBXNativeTarget "SwiftMealDelivery" */;
			buildPhases = (
				290F25292A6182B10032BD56 /* Sources */,
				290F252A2A6182B10032BD56 /* Frameworks */,
				290F252B2A6182B10032BD56 /* Resources */,
			);
			buildRules = (
			);
			dependencies = (
			);
			name = SwiftMealDelivery;
			packageProductDependencies = (
				29272FC82A69648C008BDFE1 /* FirebaseAuth */,
				29272FCA2A696499008BDFE1 /* FirebaseFirestore */,
				29272FCC2A6964A4008BDFE1 /* FirebaseFirestoreSwift */,
				29272FCE2A6964BB008BDFE1 /* FirebaseStorage */,
			);
			productName = SwiftMealDelivery;
			productReference = 290F252D2A6182B10032BD56 /* SwiftMealDelivery.app */;
			productType = "com.apple.product-type.application";
		};
		290F253B2A6182B40032BD56 /* SwiftMealDeliveryTests */ = {
			isa = PBXNativeTarget;
			buildConfigurationList = 290F25552A6182B40032BD56 /* Build configuration list for PBXNativeTarget "SwiftMealDeliveryTests" */;
			buildPhases = (
				290F25382A6182B40032BD56 /* Sources */,
				290F25392A6182B40032BD56 /* Frameworks */,
				290F253A2A6182B40032BD56 /* Resources */,
			);
			buildRules = (
			);
			dependencies = (
				290F253E2A6182B40032BD56 /* PBXTargetDependency */,
			);
			name = SwiftMealDeliveryTests;
			productName = SwiftMealDeliveryTests;
			productReference = 290F253C2A6182B40032BD56 /* SwiftMealDeliveryTests.xctest */;
			productType = "com.apple.product-type.bundle.unit-test";
		};
		290F25452A6182B40032BD56 /* SwiftMealDeliveryUITests */ = {
			isa = PBXNativeTarget;
			buildConfigurationList = 290F25562A6182B40032BD56 /* Build configuration list for PBXNativeTarget "SwiftMealDeliveryUITests" */;
			buildPhases = (
				290F25422A6182B40032BD56 /* Sources */,
				290F25432A6182B40032BD56 /* Frameworks */,
				290F25442A6182B40032BD56 /* Resources */,
			);
			buildRules = (
			);
			dependencies = (
				290F25482A6182B40032BD56 /* PBXTargetDependency */,
			);
			name = SwiftMealDeliveryUITests;
			productName = SwiftMealDeliveryUITests;
			productReference = 290F25462A6182B40032BD56 /* SwiftMealDeliveryUITests.xctest */;
			productType = "com.apple.product-type.bundle.ui-testing";
		};
		29211FCC29DB6DC0000661FB /* SwiftMeal */ = {
			isa = PBXNativeTarget;
			buildConfigurationList = 29211FF129DB6DC2000661FB /* Build configuration list for PBXNativeTarget "SwiftMeal" */;
			buildPhases = (
				29211FC929DB6DC0000661FB /* Sources */,
				29211FCA29DB6DC0000661FB /* Frameworks */,
				29211FCB29DB6DC0000661FB /* Resources */,
			);
			buildRules = (
			);
			dependencies = (
			);
			name = SwiftMeal;
			packageProductDependencies = (
				29A795E32A4F19DE0018824F /* FirebaseAuth */,
				29A795E52A4F19DE0018824F /* FirebaseFirestore */,
				29A795E72A4F19DE0018824F /* FirebaseFirestoreSwift */,
				29A795E92A4F19DE0018824F /* FirebaseStorage */,
			);
			productName = SwiftMeal;
			productReference = 29211FCD29DB6DC0000661FB /* SwiftMeal.app */;
			productType = "com.apple.product-type.application";
		};
		29211FDC29DB6DC2000661FB /* SwiftMealTests */ = {
			isa = PBXNativeTarget;
			buildConfigurationList = 29211FF429DB6DC2000661FB /* Build configuration list for PBXNativeTarget "SwiftMealTests" */;
			buildPhases = (
				4C5189BB83C6A11EF56B41B0 /* [CP] Check Pods Manifest.lock */,
				29211FD929DB6DC2000661FB /* Sources */,
				29211FDA29DB6DC2000661FB /* Frameworks */,
				29211FDB29DB6DC2000661FB /* Resources */,
				1D50B5CF88ABBDB78AB1B117 /* [CP] Embed Pods Frameworks */,
			);
			buildRules = (
			);
			dependencies = (
				29211FDF29DB6DC2000661FB /* PBXTargetDependency */,
			);
			name = SwiftMealTests;
			productName = SwiftMealTests;
			productReference = 29211FDD29DB6DC2000661FB /* SwiftMealTests.xctest */;
			productType = "com.apple.product-type.bundle.unit-test";
		};
		29211FE629DB6DC2000661FB /* SwiftMealUITests */ = {
			isa = PBXNativeTarget;
			buildConfigurationList = 29211FF729DB6DC2000661FB /* Build configuration list for PBXNativeTarget "SwiftMealUITests" */;
			buildPhases = (
				D69C114613727A3A0E9A6101 /* [CP] Check Pods Manifest.lock */,
				29211FE329DB6DC2000661FB /* Sources */,
				29211FE429DB6DC2000661FB /* Frameworks */,
				29211FE529DB6DC2000661FB /* Resources */,
				B0C6CBA16E60547160A32508 /* [CP] Embed Pods Frameworks */,
			);
			buildRules = (
			);
			dependencies = (
				29211FE929DB6DC2000661FB /* PBXTargetDependency */,
			);
			name = SwiftMealUITests;
			productName = SwiftMealUITests;
			productReference = 29211FE729DB6DC2000661FB /* SwiftMealUITests.xctest */;
			productType = "com.apple.product-type.bundle.ui-testing";
		};
/* End PBXNativeTarget section */

/* Begin PBXProject section */
		29211FC529DB6DC0000661FB /* Project object */ = {
			isa = PBXProject;
			attributes = {
				BuildIndependentTargetsInParallel = 1;
				LastSwiftUpdateCheck = 1430;
				LastUpgradeCheck = 1430;
				TargetAttributes = {
					290F252C2A6182B10032BD56 = {
						CreatedOnToolsVersion = 14.3.1;
					};
					290F253B2A6182B40032BD56 = {
						CreatedOnToolsVersion = 14.3.1;
						TestTargetID = 290F252C2A6182B10032BD56;
					};
					290F25452A6182B40032BD56 = {
						CreatedOnToolsVersion = 14.3.1;
						TestTargetID = 290F252C2A6182B10032BD56;
					};
					29211FCC29DB6DC0000661FB = {
						CreatedOnToolsVersion = 14.3;
					};
					29211FDC29DB6DC2000661FB = {
						CreatedOnToolsVersion = 14.3;
						TestTargetID = 29211FCC29DB6DC0000661FB;
					};
					29211FE629DB6DC2000661FB = {
						CreatedOnToolsVersion = 14.3;
						TestTargetID = 29211FCC29DB6DC0000661FB;
					};
				};
			};
			buildConfigurationList = 29211FC829DB6DC0000661FB /* Build configuration list for PBXProject "SwiftMeal" */;
			compatibilityVersion = "Xcode 14.0";
			developmentRegion = en;
			hasScannedForEncodings = 0;
			knownRegions = (
				en,
				Base,
			);
			mainGroup = 29211FC429DB6DC0000661FB;
			packageReferences = (
				29A795E22A4F19DE0018824F /* XCRemoteSwiftPackageReference "firebase-ios-sdk" */,
			);
			productRefGroup = 29211FCE29DB6DC0000661FB /* Products */;
			projectDirPath = "";
			projectRoot = "";
			targets = (
				29211FCC29DB6DC0000661FB /* SwiftMeal */,
				29211FDC29DB6DC2000661FB /* SwiftMealTests */,
				29211FE629DB6DC2000661FB /* SwiftMealUITests */,
				290F252C2A6182B10032BD56 /* SwiftMealDelivery */,
				290F253B2A6182B40032BD56 /* SwiftMealDeliveryTests */,
				290F25452A6182B40032BD56 /* SwiftMealDeliveryUITests */,
			);
		};
/* End PBXProject section */

/* Begin PBXResourcesBuildPhase section */
		290F252B2A6182B10032BD56 /* Resources */ = {
			isa = PBXResourcesBuildPhase;
			buildActionMask = 2147483647;
			files = (
				290F25372A6182B30032BD56 /* Preview Assets.xcassets in Resources */,
				290F25342A6182B30032BD56 /* Assets.xcassets in Resources */,
				29C649E22A7D89E100C12A09 /* SwiftMealDelivery-Info.plist in Resources */,
				29272FBF2A696299008BDFE1 /* GoogleService-Info.plist in Resources */,
			);
			runOnlyForDeploymentPostprocessing = 0;
		};
		290F253A2A6182B40032BD56 /* Resources */ = {
			isa = PBXResourcesBuildPhase;
			buildActionMask = 2147483647;
			files = (
			);
			runOnlyForDeploymentPostprocessing = 0;
		};
		290F25442A6182B40032BD56 /* Resources */ = {
			isa = PBXResourcesBuildPhase;
			buildActionMask = 2147483647;
			files = (
			);
			runOnlyForDeploymentPostprocessing = 0;
		};
		29211FCB29DB6DC0000661FB /* Resources */ = {
			isa = PBXResourcesBuildPhase;
			buildActionMask = 2147483647;
			files = (
				29211FD829DB6DC1000661FB /* Preview Assets.xcassets in Resources */,
				2921202129E1DB52000661FB /* GoogleService-Info.plist in Resources */,
				29211FD529DB6DC1000661FB /* Assets.xcassets in Resources */,
			);
			runOnlyForDeploymentPostprocessing = 0;
		};
		29211FDB29DB6DC2000661FB /* Resources */ = {
			isa = PBXResourcesBuildPhase;
			buildActionMask = 2147483647;
			files = (
				2921202229E1DB52000661FB /* GoogleService-Info.plist in Resources */,
			);
			runOnlyForDeploymentPostprocessing = 0;
		};
		29211FE529DB6DC2000661FB /* Resources */ = {
			isa = PBXResourcesBuildPhase;
			buildActionMask = 2147483647;
			files = (
				2921202329E1DB52000661FB /* GoogleService-Info.plist in Resources */,
			);
			runOnlyForDeploymentPostprocessing = 0;
		};
/* End PBXResourcesBuildPhase section */

/* Begin PBXShellScriptBuildPhase section */
		1D50B5CF88ABBDB78AB1B117 /* [CP] Embed Pods Frameworks */ = {
			isa = PBXShellScriptBuildPhase;
			buildActionMask = 2147483647;
			files = (
			);
			inputFileListPaths = (
				"${PODS_ROOT}/Target Support Files/Pods-SwiftMealTests/Pods-SwiftMealTests-frameworks-${CONFIGURATION}-input-files.xcfilelist",
			);
			name = "[CP] Embed Pods Frameworks";
			outputFileListPaths = (
				"${PODS_ROOT}/Target Support Files/Pods-SwiftMealTests/Pods-SwiftMealTests-frameworks-${CONFIGURATION}-output-files.xcfilelist",
			);
			runOnlyForDeploymentPostprocessing = 0;
			shellPath = /bin/sh;
			shellScript = "\"${PODS_ROOT}/Target Support Files/Pods-SwiftMealTests/Pods-SwiftMealTests-frameworks.sh\"\n";
			showEnvVarsInLog = 0;
		};
		4C5189BB83C6A11EF56B41B0 /* [CP] Check Pods Manifest.lock */ = {
			isa = PBXShellScriptBuildPhase;
			buildActionMask = 2147483647;
			files = (
			);
			inputFileListPaths = (
			);
			inputPaths = (
				"${PODS_PODFILE_DIR_PATH}/Podfile.lock",
				"${PODS_ROOT}/Manifest.lock",
			);
			name = "[CP] Check Pods Manifest.lock";
			outputFileListPaths = (
			);
			outputPaths = (
				"$(DERIVED_FILE_DIR)/Pods-SwiftMealTests-checkManifestLockResult.txt",
			);
			runOnlyForDeploymentPostprocessing = 0;
			shellPath = /bin/sh;
			shellScript = "diff \"${PODS_PODFILE_DIR_PATH}/Podfile.lock\" \"${PODS_ROOT}/Manifest.lock\" > /dev/null\nif [ $? != 0 ] ; then\n    # print error to STDERR\n    echo \"error: The sandbox is not in sync with the Podfile.lock. Run 'pod install' or update your CocoaPods installation.\" >&2\n    exit 1\nfi\n# This output is used by Xcode 'outputs' to avoid re-running this script phase.\necho \"SUCCESS\" > \"${SCRIPT_OUTPUT_FILE_0}\"\n";
			showEnvVarsInLog = 0;
		};
		B0C6CBA16E60547160A32508 /* [CP] Embed Pods Frameworks */ = {
			isa = PBXShellScriptBuildPhase;
			buildActionMask = 2147483647;
			files = (
			);
			inputFileListPaths = (
				"${PODS_ROOT}/Target Support Files/Pods-SwiftMeal-SwiftMealUITests/Pods-SwiftMeal-SwiftMealUITests-frameworks-${CONFIGURATION}-input-files.xcfilelist",
			);
			name = "[CP] Embed Pods Frameworks";
			outputFileListPaths = (
				"${PODS_ROOT}/Target Support Files/Pods-SwiftMeal-SwiftMealUITests/Pods-SwiftMeal-SwiftMealUITests-frameworks-${CONFIGURATION}-output-files.xcfilelist",
			);
			runOnlyForDeploymentPostprocessing = 0;
			shellPath = /bin/sh;
			shellScript = "\"${PODS_ROOT}/Target Support Files/Pods-SwiftMeal-SwiftMealUITests/Pods-SwiftMeal-SwiftMealUITests-frameworks.sh\"\n";
			showEnvVarsInLog = 0;
		};
		D69C114613727A3A0E9A6101 /* [CP] Check Pods Manifest.lock */ = {
			isa = PBXShellScriptBuildPhase;
			buildActionMask = 2147483647;
			files = (
			);
			inputFileListPaths = (
			);
			inputPaths = (
				"${PODS_PODFILE_DIR_PATH}/Podfile.lock",
				"${PODS_ROOT}/Manifest.lock",
			);
			name = "[CP] Check Pods Manifest.lock";
			outputFileListPaths = (
			);
			outputPaths = (
				"$(DERIVED_FILE_DIR)/Pods-SwiftMeal-SwiftMealUITests-checkManifestLockResult.txt",
			);
			runOnlyForDeploymentPostprocessing = 0;
			shellPath = /bin/sh;
			shellScript = "diff \"${PODS_PODFILE_DIR_PATH}/Podfile.lock\" \"${PODS_ROOT}/Manifest.lock\" > /dev/null\nif [ $? != 0 ] ; then\n    # print error to STDERR\n    echo \"error: The sandbox is not in sync with the Podfile.lock. Run 'pod install' or update your CocoaPods installation.\" >&2\n    exit 1\nfi\n# This output is used by Xcode 'outputs' to avoid re-running this script phase.\necho \"SUCCESS\" > \"${SCRIPT_OUTPUT_FILE_0}\"\n";
			showEnvVarsInLog = 0;
		};
/* End PBXShellScriptBuildPhase section */

/* Begin PBXSourcesBuildPhase section */
		290F25292A6182B10032BD56 /* Sources */ = {
			isa = PBXSourcesBuildPhase;
			buildActionMask = 2147483647;
			files = (
				29C649EC2A803E3300C12A09 /* LogoView.swift in Sources */,
				29272FC12A696393008BDFE1 /* Order.swift in Sources */,
				29C649E62A803D1100C12A09 /* AuthButton.swift in Sources */,
				29C649D22A76F67E00C12A09 /* ActiveOrderCard.swift in Sources */,
				290F25322A6182B10032BD56 /* ContentView.swift in Sources */,
				290F25302A6182B10032BD56 /* SwiftMealDeliveryApp.swift in Sources */,
				29C649DA2A79453500C12A09 /* AuthenticationView.swift in Sources */,
				29C649DD2A79922900C12A09 /* SignUpView.swift in Sources */,
				29C649DF2A79923200C12A09 /* SignInView.swift in Sources */,
				29C649E82A803D3F00C12A09 /* TogglePasswordView.swift in Sources */,
				29C649EA2A803D6500C12A09 /* AuthTextField.swift in Sources */,
				29C649D52A79448F00C12A09 /* User.swift in Sources */,
				29272FD72A6C6B1E008BDFE1 /* HomeView.swift in Sources */,
				29272FD12A696A15008BDFE1 /* OrderStatus.swift in Sources */,
				29C649D82A7944BA00C12A09 /* AuthViewModel.swift in Sources */,
				29C649E42A7D95A100C12A09 /* LoadingView.swift in Sources */,
				29272FC62A696412008BDFE1 /* OrderViewModel.swift in Sources */,
			);
			runOnlyForDeploymentPostprocessing = 0;
		};
		290F25382A6182B40032BD56 /* Sources */ = {
			isa = PBXSourcesBuildPhase;
			buildActionMask = 2147483647;
			files = (
				290F25412A6182B40032BD56 /* SwiftMealDeliveryTests.swift in Sources */,
			);
			runOnlyForDeploymentPostprocessing = 0;
		};
		290F25422A6182B40032BD56 /* Sources */ = {
			isa = PBXSourcesBuildPhase;
			buildActionMask = 2147483647;
			files = (
				290F254B2A6182B40032BD56 /* SwiftMealDeliveryUITests.swift in Sources */,
				290F254D2A6182B40032BD56 /* SwiftMealDeliveryUITestsLaunchTests.swift in Sources */,
			);
			runOnlyForDeploymentPostprocessing = 0;
		};
		29211FC929DB6DC0000661FB /* Sources */ = {
			isa = PBXSourcesBuildPhase;
			buildActionMask = 2147483647;
			files = (
				2971E29429F2C2360077FCFC /* User.swift in Sources */,
				2921201829DC9337000661FB /* MealCard.swift in Sources */,
				2921201429DC4D4C000661FB /* MealViewModel.swift in Sources */,
				2905CCB929F81D9000D4F968 /* PaymentView.swift in Sources */,
				2921201B29DC949C000661FB /* ImageLoader.swift in Sources */,
				29A979DE2A54A42F003A2168 /* CategoryPicker.swift in Sources */,
				2921201229DC4AC5000661FB /* Meal.swift in Sources */,
				2971E29629F2C2590077FCFC /* UserViewModel.swift in Sources */,
				2921201629DC65D4000661FB /* MainView.swift in Sources */,
				2971E29229F1A1CF0077FCFC /* LoadingView.swift in Sources */,
				29211FD129DB6DC0000661FB /* SwiftMealApp.swift in Sources */,
				2971E28B29EDCAC40077FCFC /* CartProductView.swift in Sources */,
				2971E28729EAD7DD0077FCFC /* CartView.swift in Sources */,
				2904857E29FED53C00B7FF2B /* OrderHistoryView.swift in Sources */,
				2991C6C32A60388900581AC5 /* OrderStatus.swift in Sources */,
				2905CCC329F83D0000D4F968 /* Order.swift in Sources */,
				2905CCBB29F823BF00D4F968 /* PaymentProductCart.swift in Sources */,
				2971E29829F2C64A0077FCFC /* ContentView.swift in Sources */,
				2921201D29DED3B1000661FB /* MealDetailsView.swift in Sources */,
				2971E28929EB34400077FCFC /* CustomStepper.swift in Sources */,
				29A979E22A5F3FE8003A2168 /* OrderDetailsView.swift in Sources */,
				2905CCC129F83CF600D4F968 /* OrderViewModel.swift in Sources */,
			);
			runOnlyForDeploymentPostprocessing = 0;
		};
		29211FD929DB6DC2000661FB /* Sources */ = {
			isa = PBXSourcesBuildPhase;
			buildActionMask = 2147483647;
			files = (
				2905CCB629F5429800D4F968 /* MealCard.swift in Sources */,
				2905CCAE29F5429800D4F968 /* CustomStepper.swift in Sources */,
				2905CCB729F5429800D4F968 /* ContentView.swift in Sources */,
				2905CCB129F5429800D4F968 /* MealViewModel.swift in Sources */,
				2905CCB029F5429800D4F968 /* CartView.swift in Sources */,
				2905CCB329F5429800D4F968 /* UserViewModel.swift in Sources */,
				2905CCB429F5429800D4F968 /* MealDetailsView.swift in Sources */,
				2905CCAD29F5429800D4F968 /* Meal.swift in Sources */,
				2905CCAF29F5429800D4F968 /* CartProductView.swift in Sources */,
				2905CCB229F5429800D4F968 /* ImageLoader.swift in Sources */,
				2905CCB529F5429800D4F968 /* User.swift in Sources */,
				29211FE229DB6DC2000661FB /* SwiftMealTests.swift in Sources */,
				29272FD02A696A15008BDFE1 /* OrderStatus.swift in Sources */,
				29272FC32A696399008BDFE1 /* Order.swift in Sources */,
				2905CCAB29F5429800D4F968 /* MainView.swift in Sources */,
				2905CCAC29F5429800D4F968 /* LoadingView.swift in Sources */,
			);
			runOnlyForDeploymentPostprocessing = 0;
		};
		29211FE329DB6DC2000661FB /* Sources */ = {
			isa = PBXSourcesBuildPhase;
			buildActionMask = 2147483647;
			files = (
				29272FD22A696A15008BDFE1 /* OrderStatus.swift in Sources */,
				29272FC22A696398008BDFE1 /* Order.swift in Sources */,
				29211FEC29DB6DC2000661FB /* SwiftMealUITests.swift in Sources */,
				29211FEE29DB6DC2000661FB /* SwiftMealUITestsLaunchTests.swift in Sources */,
			);
			runOnlyForDeploymentPostprocessing = 0;
		};
/* End PBXSourcesBuildPhase section */

/* Begin PBXTargetDependency section */
		290F253E2A6182B40032BD56 /* PBXTargetDependency */ = {
			isa = PBXTargetDependency;
			target = 290F252C2A6182B10032BD56 /* SwiftMealDelivery */;
			targetProxy = 290F253D2A6182B40032BD56 /* PBXContainerItemProxy */;
		};
		290F25482A6182B40032BD56 /* PBXTargetDependency */ = {
			isa = PBXTargetDependency;
			target = 290F252C2A6182B10032BD56 /* SwiftMealDelivery */;
			targetProxy = 290F25472A6182B40032BD56 /* PBXContainerItemProxy */;
		};
		29211FDF29DB6DC2000661FB /* PBXTargetDependency */ = {
			isa = PBXTargetDependency;
			target = 29211FCC29DB6DC0000661FB /* SwiftMeal */;
			targetProxy = 29211FDE29DB6DC2000661FB /* PBXContainerItemProxy */;
		};
		29211FE929DB6DC2000661FB /* PBXTargetDependency */ = {
			isa = PBXTargetDependency;
			target = 29211FCC29DB6DC0000661FB /* SwiftMeal */;
			targetProxy = 29211FE829DB6DC2000661FB /* PBXContainerItemProxy */;
		};
/* End PBXTargetDependency section */

/* Begin XCBuildConfiguration section */
		290F254E2A6182B40032BD56 /* Debug */ = {
			isa = XCBuildConfiguration;
			buildSettings = {
				ASSETCATALOG_COMPILER_APPICON_NAME = AppIcon;
				ASSETCATALOG_COMPILER_GLOBAL_ACCENT_COLOR_NAME = AccentColor;
				CODE_SIGN_STYLE = Automatic;
				CURRENT_PROJECT_VERSION = 1;
				DEVELOPMENT_ASSET_PATHS = "\"SwiftMealDelivery/SwiftMealDelivery/Preview Content\"";
				DEVELOPMENT_TEAM = TU72F4GFFV;
				ENABLE_PREVIEWS = YES;
				GENERATE_INFOPLIST_FILE = YES;
				INFOPLIST_KEY_UIApplicationSceneManifest_Generation = YES;
				INFOPLIST_KEY_UIApplicationSupportsIndirectInputEvents = YES;
				INFOPLIST_KEY_UILaunchScreen_Generation = YES;
				INFOPLIST_KEY_UISupportedInterfaceOrientations_iPad = "UIInterfaceOrientationPortrait UIInterfaceOrientationPortraitUpsideDown UIInterfaceOrientationLandscapeLeft UIInterfaceOrientationLandscapeRight";
				INFOPLIST_KEY_UISupportedInterfaceOrientations_iPhone = "UIInterfaceOrientationPortrait UIInterfaceOrientationLandscapeLeft UIInterfaceOrientationLandscapeRight";
				INFOPLIST_KEY_UIUserInterfaceStyle = Light;
				LD_RUNPATH_SEARCH_PATHS = (
					"$(inherited)",
					"@executable_path/Frameworks",
				);
				MARKETING_VERSION = 1.0;
				PRODUCT_BUNDLE_IDENTIFIER = mbabicz.SwiftMealDelivery;
				PRODUCT_NAME = "$(TARGET_NAME)";
				SWIFT_EMIT_LOC_STRINGS = YES;
				SWIFT_VERSION = 5.0;
				TARGETED_DEVICE_FAMILY = "1,2";
			};
			name = Debug;
		};
		290F254F2A6182B40032BD56 /* Release */ = {
			isa = XCBuildConfiguration;
			buildSettings = {
				ASSETCATALOG_COMPILER_APPICON_NAME = AppIcon;
				ASSETCATALOG_COMPILER_GLOBAL_ACCENT_COLOR_NAME = AccentColor;
				CODE_SIGN_STYLE = Automatic;
				CURRENT_PROJECT_VERSION = 1;
				DEVELOPMENT_ASSET_PATHS = "\"SwiftMealDelivery/SwiftMealDelivery/Preview Content\"";
				DEVELOPMENT_TEAM = TU72F4GFFV;
				ENABLE_PREVIEWS = YES;
				GENERATE_INFOPLIST_FILE = YES;
				INFOPLIST_KEY_UIApplicationSceneManifest_Generation = YES;
				INFOPLIST_KEY_UIApplicationSupportsIndirectInputEvents = YES;
				INFOPLIST_KEY_UILaunchScreen_Generation = YES;
				INFOPLIST_KEY_UISupportedInterfaceOrientations_iPad = "UIInterfaceOrientationPortrait UIInterfaceOrientationPortraitUpsideDown UIInterfaceOrientationLandscapeLeft UIInterfaceOrientationLandscapeRight";
				INFOPLIST_KEY_UISupportedInterfaceOrientations_iPhone = "UIInterfaceOrientationPortrait UIInterfaceOrientationLandscapeLeft UIInterfaceOrientationLandscapeRight";
				INFOPLIST_KEY_UIUserInterfaceStyle = Light;
				LD_RUNPATH_SEARCH_PATHS = (
					"$(inherited)",
					"@executable_path/Frameworks",
				);
				MARKETING_VERSION = 1.0;
				PRODUCT_BUNDLE_IDENTIFIER = mbabicz.SwiftMealDelivery;
				PRODUCT_NAME = "$(TARGET_NAME)";
				SWIFT_EMIT_LOC_STRINGS = YES;
				SWIFT_VERSION = 5.0;
				TARGETED_DEVICE_FAMILY = "1,2";
			};
			name = Release;
		};
		290F25502A6182B40032BD56 /* Debug */ = {
			isa = XCBuildConfiguration;
			buildSettings = {
				ALWAYS_EMBED_SWIFT_STANDARD_LIBRARIES = YES;
				BUNDLE_LOADER = "$(TEST_HOST)";
				CODE_SIGN_STYLE = Automatic;
				CURRENT_PROJECT_VERSION = 1;
				DEVELOPMENT_TEAM = TU72F4GFFV;
				GENERATE_INFOPLIST_FILE = YES;
				IPHONEOS_DEPLOYMENT_TARGET = 16.4;
				MARKETING_VERSION = 1.0;
				PRODUCT_BUNDLE_IDENTIFIER = mbabicz.SwiftMealDeliveryTests;
				PRODUCT_NAME = "$(TARGET_NAME)";
				SWIFT_EMIT_LOC_STRINGS = NO;
				SWIFT_VERSION = 5.0;
				TARGETED_DEVICE_FAMILY = "1,2";
				TEST_HOST = "$(BUILT_PRODUCTS_DIR)/SwiftMealDelivery.app/$(BUNDLE_EXECUTABLE_FOLDER_PATH)/SwiftMealDelivery";
			};
			name = Debug;
		};
		290F25512A6182B40032BD56 /* Release */ = {
			isa = XCBuildConfiguration;
			buildSettings = {
				ALWAYS_EMBED_SWIFT_STANDARD_LIBRARIES = YES;
				BUNDLE_LOADER = "$(TEST_HOST)";
				CODE_SIGN_STYLE = Automatic;
				CURRENT_PROJECT_VERSION = 1;
				DEVELOPMENT_TEAM = TU72F4GFFV;
				GENERATE_INFOPLIST_FILE = YES;
				IPHONEOS_DEPLOYMENT_TARGET = 16.4;
				MARKETING_VERSION = 1.0;
				PRODUCT_BUNDLE_IDENTIFIER = mbabicz.SwiftMealDeliveryTests;
				PRODUCT_NAME = "$(TARGET_NAME)";
				SWIFT_EMIT_LOC_STRINGS = NO;
				SWIFT_VERSION = 5.0;
				TARGETED_DEVICE_FAMILY = "1,2";
				TEST_HOST = "$(BUILT_PRODUCTS_DIR)/SwiftMealDelivery.app/$(BUNDLE_EXECUTABLE_FOLDER_PATH)/SwiftMealDelivery";
			};
			name = Release;
		};
		290F25522A6182B40032BD56 /* Debug */ = {
			isa = XCBuildConfiguration;
			buildSettings = {
				ALWAYS_EMBED_SWIFT_STANDARD_LIBRARIES = YES;
				CODE_SIGN_STYLE = Automatic;
				CURRENT_PROJECT_VERSION = 1;
				DEVELOPMENT_TEAM = TU72F4GFFV;
				GENERATE_INFOPLIST_FILE = YES;
				MARKETING_VERSION = 1.0;
				PRODUCT_BUNDLE_IDENTIFIER = mbabicz.SwiftMealDeliveryUITests;
				PRODUCT_NAME = "$(TARGET_NAME)";
				SWIFT_EMIT_LOC_STRINGS = NO;
				SWIFT_VERSION = 5.0;
				TARGETED_DEVICE_FAMILY = "1,2";
				TEST_TARGET_NAME = SwiftMealDelivery;
			};
			name = Debug;
		};
		290F25532A6182B40032BD56 /* Release */ = {
			isa = XCBuildConfiguration;
			buildSettings = {
				ALWAYS_EMBED_SWIFT_STANDARD_LIBRARIES = YES;
				CODE_SIGN_STYLE = Automatic;
				CURRENT_PROJECT_VERSION = 1;
				DEVELOPMENT_TEAM = TU72F4GFFV;
				GENERATE_INFOPLIST_FILE = YES;
				MARKETING_VERSION = 1.0;
				PRODUCT_BUNDLE_IDENTIFIER = mbabicz.SwiftMealDeliveryUITests;
				PRODUCT_NAME = "$(TARGET_NAME)";
				SWIFT_EMIT_LOC_STRINGS = NO;
				SWIFT_VERSION = 5.0;
				TARGETED_DEVICE_FAMILY = "1,2";
				TEST_TARGET_NAME = SwiftMealDelivery;
			};
			name = Release;
		};
		29211FEF29DB6DC2000661FB /* Debug */ = {
			isa = XCBuildConfiguration;
			buildSettings = {
				ALWAYS_SEARCH_USER_PATHS = NO;
				CLANG_ANALYZER_NONNULL = YES;
				CLANG_ANALYZER_NUMBER_OBJECT_CONVERSION = YES_AGGRESSIVE;
				CLANG_CXX_LANGUAGE_STANDARD = "gnu++20";
				CLANG_ENABLE_MODULES = YES;
				CLANG_ENABLE_OBJC_ARC = YES;
				CLANG_ENABLE_OBJC_WEAK = YES;
				CLANG_WARN_BLOCK_CAPTURE_AUTORELEASING = YES;
				CLANG_WARN_BOOL_CONVERSION = YES;
				CLANG_WARN_COMMA = YES;
				CLANG_WARN_CONSTANT_CONVERSION = YES;
				CLANG_WARN_DEPRECATED_OBJC_IMPLEMENTATIONS = YES;
				CLANG_WARN_DIRECT_OBJC_ISA_USAGE = YES_ERROR;
				CLANG_WARN_DOCUMENTATION_COMMENTS = YES;
				CLANG_WARN_EMPTY_BODY = YES;
				CLANG_WARN_ENUM_CONVERSION = YES;
				CLANG_WARN_INFINITE_RECURSION = YES;
				CLANG_WARN_INT_CONVERSION = YES;
				CLANG_WARN_NON_LITERAL_NULL_CONVERSION = YES;
				CLANG_WARN_OBJC_IMPLICIT_RETAIN_SELF = YES;
				CLANG_WARN_OBJC_LITERAL_CONVERSION = YES;
				CLANG_WARN_OBJC_ROOT_CLASS = YES_ERROR;
				CLANG_WARN_QUOTED_INCLUDE_IN_FRAMEWORK_HEADER = YES;
				CLANG_WARN_RANGE_LOOP_ANALYSIS = YES;
				CLANG_WARN_STRICT_PROTOTYPES = YES;
				CLANG_WARN_SUSPICIOUS_MOVE = YES;
				CLANG_WARN_UNGUARDED_AVAILABILITY = YES_AGGRESSIVE;
				CLANG_WARN_UNREACHABLE_CODE = YES;
				CLANG_WARN__DUPLICATE_METHOD_MATCH = YES;
				COPY_PHASE_STRIP = NO;
				DEBUG_INFORMATION_FORMAT = dwarf;
				ENABLE_STRICT_OBJC_MSGSEND = YES;
				ENABLE_TESTABILITY = YES;
				GCC_C_LANGUAGE_STANDARD = gnu11;
				GCC_DYNAMIC_NO_PIC = NO;
				GCC_NO_COMMON_BLOCKS = YES;
				GCC_OPTIMIZATION_LEVEL = 0;
				GCC_PREPROCESSOR_DEFINITIONS = (
					"DEBUG=1",
					"$(inherited)",
				);
				GCC_WARN_64_TO_32_BIT_CONVERSION = YES;
				GCC_WARN_ABOUT_RETURN_TYPE = YES_ERROR;
				GCC_WARN_UNDECLARED_SELECTOR = YES;
				GCC_WARN_UNINITIALIZED_AUTOS = YES_AGGRESSIVE;
				GCC_WARN_UNUSED_FUNCTION = YES;
				GCC_WARN_UNUSED_VARIABLE = YES;
				IPHONEOS_DEPLOYMENT_TARGET = 16.0;
				MTL_ENABLE_DEBUG_INFO = INCLUDE_SOURCE;
				MTL_FAST_MATH = YES;
				ONLY_ACTIVE_ARCH = YES;
				SDKROOT = iphoneos;
				SWIFT_ACTIVE_COMPILATION_CONDITIONS = DEBUG;
				SWIFT_OPTIMIZATION_LEVEL = "-Onone";
			};
			name = Debug;
		};
		29211FF029DB6DC2000661FB /* Release */ = {
			isa = XCBuildConfiguration;
			buildSettings = {
				ALWAYS_SEARCH_USER_PATHS = NO;
				CLANG_ANALYZER_NONNULL = YES;
				CLANG_ANALYZER_NUMBER_OBJECT_CONVERSION = YES_AGGRESSIVE;
				CLANG_CXX_LANGUAGE_STANDARD = "gnu++20";
				CLANG_ENABLE_MODULES = YES;
				CLANG_ENABLE_OBJC_ARC = YES;
				CLANG_ENABLE_OBJC_WEAK = YES;
				CLANG_WARN_BLOCK_CAPTURE_AUTORELEASING = YES;
				CLANG_WARN_BOOL_CONVERSION = YES;
				CLANG_WARN_COMMA = YES;
				CLANG_WARN_CONSTANT_CONVERSION = YES;
				CLANG_WARN_DEPRECATED_OBJC_IMPLEMENTATIONS = YES;
				CLANG_WARN_DIRECT_OBJC_ISA_USAGE = YES_ERROR;
				CLANG_WARN_DOCUMENTATION_COMMENTS = YES;
				CLANG_WARN_EMPTY_BODY = YES;
				CLANG_WARN_ENUM_CONVERSION = YES;
				CLANG_WARN_INFINITE_RECURSION = YES;
				CLANG_WARN_INT_CONVERSION = YES;
				CLANG_WARN_NON_LITERAL_NULL_CONVERSION = YES;
				CLANG_WARN_OBJC_IMPLICIT_RETAIN_SELF = YES;
				CLANG_WARN_OBJC_LITERAL_CONVERSION = YES;
				CLANG_WARN_OBJC_ROOT_CLASS = YES_ERROR;
				CLANG_WARN_QUOTED_INCLUDE_IN_FRAMEWORK_HEADER = YES;
				CLANG_WARN_RANGE_LOOP_ANALYSIS = YES;
				CLANG_WARN_STRICT_PROTOTYPES = YES;
				CLANG_WARN_SUSPICIOUS_MOVE = YES;
				CLANG_WARN_UNGUARDED_AVAILABILITY = YES_AGGRESSIVE;
				CLANG_WARN_UNREACHABLE_CODE = YES;
				CLANG_WARN__DUPLICATE_METHOD_MATCH = YES;
				COPY_PHASE_STRIP = NO;
				DEBUG_INFORMATION_FORMAT = "dwarf-with-dsym";
				ENABLE_NS_ASSERTIONS = NO;
				ENABLE_STRICT_OBJC_MSGSEND = YES;
				GCC_C_LANGUAGE_STANDARD = gnu11;
				GCC_NO_COMMON_BLOCKS = YES;
				GCC_WARN_64_TO_32_BIT_CONVERSION = YES;
				GCC_WARN_ABOUT_RETURN_TYPE = YES_ERROR;
				GCC_WARN_UNDECLARED_SELECTOR = YES;
				GCC_WARN_UNINITIALIZED_AUTOS = YES_AGGRESSIVE;
				GCC_WARN_UNUSED_FUNCTION = YES;
				GCC_WARN_UNUSED_VARIABLE = YES;
				IPHONEOS_DEPLOYMENT_TARGET = 16.0;
				MTL_ENABLE_DEBUG_INFO = NO;
				MTL_FAST_MATH = YES;
				SDKROOT = iphoneos;
				SWIFT_COMPILATION_MODE = wholemodule;
				SWIFT_OPTIMIZATION_LEVEL = "-O";
				VALIDATE_PRODUCT = YES;
			};
			name = Release;
		};
		29211FF229DB6DC2000661FB /* Debug */ = {
			isa = XCBuildConfiguration;
			buildSettings = {
				ASSETCATALOG_COMPILER_APPICON_NAME = AppIcon;
				ASSETCATALOG_COMPILER_GLOBAL_ACCENT_COLOR_NAME = AccentColor;
				ASSETCATALOG_COMPILER_INCLUDE_ALL_APPICON_ASSETS = NO;
				CODE_SIGN_STYLE = Automatic;
				CURRENT_PROJECT_VERSION = 1;
				DEVELOPMENT_ASSET_PATHS = "\"SwiftMeal/SwiftMeal/Preview Content\"";
				DEVELOPMENT_TEAM = TU72F4GFFV;
				ENABLE_PREVIEWS = YES;
				GENERATE_INFOPLIST_FILE = YES;
				INFOPLIST_KEY_UIApplicationSceneManifest_Generation = YES;
				INFOPLIST_KEY_UIApplicationSupportsIndirectInputEvents = YES;
				INFOPLIST_KEY_UILaunchScreen_Generation = YES;
				INFOPLIST_KEY_UISupportedInterfaceOrientations = UIInterfaceOrientationPortrait;
				INFOPLIST_KEY_UISupportedInterfaceOrientations_iPad = "UIInterfaceOrientationPortrait UIInterfaceOrientationPortraitUpsideDown UIInterfaceOrientationLandscapeLeft UIInterfaceOrientationLandscapeRight";
				INFOPLIST_KEY_UISupportedInterfaceOrientations_iPhone = UIInterfaceOrientationPortrait;
				INFOPLIST_KEY_UIUserInterfaceStyle = Light;
				IPHONEOS_DEPLOYMENT_TARGET = 16.0;
				LD_RUNPATH_SEARCH_PATHS = (
					"$(inherited)",
					"@executable_path/Frameworks",
				);
				MARKETING_VERSION = 1.0;
				PRODUCT_BUNDLE_IDENTIFIER = mbabicz.SwiftMeal.iOS;
				PRODUCT_NAME = "$(TARGET_NAME)";
				SWIFT_EMIT_LOC_STRINGS = YES;
				SWIFT_VERSION = 5.0;
				TARGETED_DEVICE_FAMILY = "1,2";
			};
			name = Debug;
		};
		29211FF329DB6DC2000661FB /* Release */ = {
			isa = XCBuildConfiguration;
			buildSettings = {
				ASSETCATALOG_COMPILER_APPICON_NAME = AppIcon;
				ASSETCATALOG_COMPILER_GLOBAL_ACCENT_COLOR_NAME = AccentColor;
				ASSETCATALOG_COMPILER_INCLUDE_ALL_APPICON_ASSETS = NO;
				CODE_SIGN_STYLE = Automatic;
				CURRENT_PROJECT_VERSION = 1;
				DEVELOPMENT_ASSET_PATHS = "\"SwiftMeal/SwiftMeal/Preview Content\"";
				DEVELOPMENT_TEAM = TU72F4GFFV;
				ENABLE_PREVIEWS = YES;
				GENERATE_INFOPLIST_FILE = YES;
				INFOPLIST_KEY_UIApplicationSceneManifest_Generation = YES;
				INFOPLIST_KEY_UIApplicationSupportsIndirectInputEvents = YES;
				INFOPLIST_KEY_UILaunchScreen_Generation = YES;
				INFOPLIST_KEY_UISupportedInterfaceOrientations = UIInterfaceOrientationPortrait;
				INFOPLIST_KEY_UISupportedInterfaceOrientations_iPad = "UIInterfaceOrientationPortrait UIInterfaceOrientationPortraitUpsideDown UIInterfaceOrientationLandscapeLeft UIInterfaceOrientationLandscapeRight";
				INFOPLIST_KEY_UISupportedInterfaceOrientations_iPhone = UIInterfaceOrientationPortrait;
				INFOPLIST_KEY_UIUserInterfaceStyle = Light;
				IPHONEOS_DEPLOYMENT_TARGET = 16.0;
				LD_RUNPATH_SEARCH_PATHS = (
					"$(inherited)",
					"@executable_path/Frameworks",
				);
				MARKETING_VERSION = 1.0;
				PRODUCT_BUNDLE_IDENTIFIER = mbabicz.SwiftMeal.iOS;
				PRODUCT_NAME = "$(TARGET_NAME)";
				SWIFT_EMIT_LOC_STRINGS = YES;
				SWIFT_VERSION = 5.0;
				TARGETED_DEVICE_FAMILY = "1,2";
			};
			name = Release;
		};
		29211FF529DB6DC2000661FB /* Debug */ = {
			isa = XCBuildConfiguration;
			buildSettings = {
				ALWAYS_EMBED_SWIFT_STANDARD_LIBRARIES = YES;
				BUNDLE_LOADER = "$(TEST_HOST)";
				CODE_SIGN_STYLE = Automatic;
				CURRENT_PROJECT_VERSION = 1;
				DEVELOPMENT_TEAM = TU72F4GFFV;
				GENERATE_INFOPLIST_FILE = YES;
				IPHONEOS_DEPLOYMENT_TARGET = 16.4;
				MARKETING_VERSION = 1.0;
				PRODUCT_BUNDLE_IDENTIFIER = mbabicz.SwiftMealTests;
				PRODUCT_NAME = "$(TARGET_NAME)";
				SWIFT_EMIT_LOC_STRINGS = NO;
				SWIFT_VERSION = 5.0;
				TARGETED_DEVICE_FAMILY = "1,2";
				TEST_HOST = "$(BUILT_PRODUCTS_DIR)/SwiftMeal.app/$(BUNDLE_EXECUTABLE_FOLDER_PATH)/SwiftMeal";
			};
			name = Debug;
		};
		29211FF629DB6DC2000661FB /* Release */ = {
			isa = XCBuildConfiguration;
			buildSettings = {
				ALWAYS_EMBED_SWIFT_STANDARD_LIBRARIES = YES;
				BUNDLE_LOADER = "$(TEST_HOST)";
				CODE_SIGN_STYLE = Automatic;
				CURRENT_PROJECT_VERSION = 1;
				DEVELOPMENT_TEAM = TU72F4GFFV;
				GENERATE_INFOPLIST_FILE = YES;
				IPHONEOS_DEPLOYMENT_TARGET = 16.4;
				MARKETING_VERSION = 1.0;
				PRODUCT_BUNDLE_IDENTIFIER = mbabicz.SwiftMealTests;
				PRODUCT_NAME = "$(TARGET_NAME)";
				SWIFT_EMIT_LOC_STRINGS = NO;
				SWIFT_VERSION = 5.0;
				TARGETED_DEVICE_FAMILY = "1,2";
				TEST_HOST = "$(BUILT_PRODUCTS_DIR)/SwiftMeal.app/$(BUNDLE_EXECUTABLE_FOLDER_PATH)/SwiftMeal";
			};
			name = Release;
		};
		29211FF829DB6DC2000661FB /* Debug */ = {
			isa = XCBuildConfiguration;
			buildSettings = {
				ALWAYS_EMBED_SWIFT_STANDARD_LIBRARIES = YES;
				CODE_SIGN_STYLE = Automatic;
				CURRENT_PROJECT_VERSION = 1;
				DEVELOPMENT_TEAM = TU72F4GFFV;
				GENERATE_INFOPLIST_FILE = YES;
				MARKETING_VERSION = 1.0;
				PRODUCT_BUNDLE_IDENTIFIER = mbabicz.SwiftMealUITests;
				PRODUCT_NAME = "$(TARGET_NAME)";
				SWIFT_EMIT_LOC_STRINGS = NO;
				SWIFT_VERSION = 5.0;
				TARGETED_DEVICE_FAMILY = "1,2";
				TEST_TARGET_NAME = SwiftMeal;
			};
			name = Debug;
		};
		29211FF929DB6DC2000661FB /* Release */ = {
			isa = XCBuildConfiguration;
			buildSettings = {
				ALWAYS_EMBED_SWIFT_STANDARD_LIBRARIES = YES;
				CODE_SIGN_STYLE = Automatic;
				CURRENT_PROJECT_VERSION = 1;
				DEVELOPMENT_TEAM = TU72F4GFFV;
				GENERATE_INFOPLIST_FILE = YES;
				MARKETING_VERSION = 1.0;
				PRODUCT_BUNDLE_IDENTIFIER = mbabicz.SwiftMealUITests;
				PRODUCT_NAME = "$(TARGET_NAME)";
				SWIFT_EMIT_LOC_STRINGS = NO;
				SWIFT_VERSION = 5.0;
				TARGETED_DEVICE_FAMILY = "1,2";
				TEST_TARGET_NAME = SwiftMeal;
			};
			name = Release;
		};
/* End XCBuildConfiguration section */

/* Begin XCConfigurationList section */
		290F25542A6182B40032BD56 /* Build configuration list for PBXNativeTarget "SwiftMealDelivery" */ = {
			isa = XCConfigurationList;
			buildConfigurations = (
				290F254E2A6182B40032BD56 /* Debug */,
				290F254F2A6182B40032BD56 /* Release */,
			);
			defaultConfigurationIsVisible = 0;
			defaultConfigurationName = Release;
		};
		290F25552A6182B40032BD56 /* Build configuration list for PBXNativeTarget "SwiftMealDeliveryTests" */ = {
			isa = XCConfigurationList;
			buildConfigurations = (
				290F25502A6182B40032BD56 /* Debug */,
				290F25512A6182B40032BD56 /* Release */,
			);
			defaultConfigurationIsVisible = 0;
			defaultConfigurationName = Release;
		};
		290F25562A6182B40032BD56 /* Build configuration list for PBXNativeTarget "SwiftMealDeliveryUITests" */ = {
			isa = XCConfigurationList;
			buildConfigurations = (
				290F25522A6182B40032BD56 /* Debug */,
				290F25532A6182B40032BD56 /* Release */,
			);
			defaultConfigurationIsVisible = 0;
			defaultConfigurationName = Release;
		};
		29211FC829DB6DC0000661FB /* Build configuration list for PBXProject "SwiftMeal" */ = {
			isa = XCConfigurationList;
			buildConfigurations = (
				29211FEF29DB6DC2000661FB /* Debug */,
				29211FF029DB6DC2000661FB /* Release */,
			);
			defaultConfigurationIsVisible = 0;
			defaultConfigurationName = Release;
		};
		29211FF129DB6DC2000661FB /* Build configuration list for PBXNativeTarget "SwiftMeal" */ = {
			isa = XCConfigurationList;
			buildConfigurations = (
				29211FF229DB6DC2000661FB /* Debug */,
				29211FF329DB6DC2000661FB /* Release */,
			);
			defaultConfigurationIsVisible = 0;
			defaultConfigurationName = Release;
		};
		29211FF429DB6DC2000661FB /* Build configuration list for PBXNativeTarget "SwiftMealTests" */ = {
			isa = XCConfigurationList;
			buildConfigurations = (
				29211FF529DB6DC2000661FB /* Debug */,
				29211FF629DB6DC2000661FB /* Release */,
			);
			defaultConfigurationIsVisible = 0;
			defaultConfigurationName = Release;
		};
		29211FF729DB6DC2000661FB /* Build configuration list for PBXNativeTarget "SwiftMealUITests" */ = {
			isa = XCConfigurationList;
			buildConfigurations = (
				29211FF829DB6DC2000661FB /* Debug */,
				29211FF929DB6DC2000661FB /* Release */,
			);
			defaultConfigurationIsVisible = 0;
			defaultConfigurationName = Release;
		};
/* End XCConfigurationList section */

/* Begin XCRemoteSwiftPackageReference section */
		29A795E22A4F19DE0018824F /* XCRemoteSwiftPackageReference "firebase-ios-sdk" */ = {
			isa = XCRemoteSwiftPackageReference;
			repositoryURL = "https://github.com/firebase/firebase-ios-sdk";
			requirement = {
				kind = upToNextMajorVersion;
				minimumVersion = 10.0.0;
			};
		};
/* End XCRemoteSwiftPackageReference section */

/* Begin XCSwiftPackageProductDependency section */
		29272FC82A69648C008BDFE1 /* FirebaseAuth */ = {
			isa = XCSwiftPackageProductDependency;
			package = 29A795E22A4F19DE0018824F /* XCRemoteSwiftPackageReference "firebase-ios-sdk" */;
			productName = FirebaseAuth;
		};
		29272FCA2A696499008BDFE1 /* FirebaseFirestore */ = {
			isa = XCSwiftPackageProductDependency;
			package = 29A795E22A4F19DE0018824F /* XCRemoteSwiftPackageReference "firebase-ios-sdk" */;
			productName = FirebaseFirestore;
		};
		29272FCC2A6964A4008BDFE1 /* FirebaseFirestoreSwift */ = {
			isa = XCSwiftPackageProductDependency;
			package = 29A795E22A4F19DE0018824F /* XCRemoteSwiftPackageReference "firebase-ios-sdk" */;
			productName = FirebaseFirestoreSwift;
		};
		29272FCE2A6964BB008BDFE1 /* FirebaseStorage */ = {
			isa = XCSwiftPackageProductDependency;
			package = 29A795E22A4F19DE0018824F /* XCRemoteSwiftPackageReference "firebase-ios-sdk" */;
			productName = FirebaseStorage;
		};
		29A795E32A4F19DE0018824F /* FirebaseAuth */ = {
			isa = XCSwiftPackageProductDependency;
			package = 29A795E22A4F19DE0018824F /* XCRemoteSwiftPackageReference "firebase-ios-sdk" */;
			productName = FirebaseAuth;
		};
		29A795E52A4F19DE0018824F /* FirebaseFirestore */ = {
			isa = XCSwiftPackageProductDependency;
			package = 29A795E22A4F19DE0018824F /* XCRemoteSwiftPackageReference "firebase-ios-sdk" */;
			productName = FirebaseFirestore;
		};
		29A795E72A4F19DE0018824F /* FirebaseFirestoreSwift */ = {
			isa = XCSwiftPackageProductDependency;
			package = 29A795E22A4F19DE0018824F /* XCRemoteSwiftPackageReference "firebase-ios-sdk" */;
			productName = FirebaseFirestoreSwift;
		};
		29A795E92A4F19DE0018824F /* FirebaseStorage */ = {
			isa = XCSwiftPackageProductDependency;
			package = 29A795E22A4F19DE0018824F /* XCRemoteSwiftPackageReference "firebase-ios-sdk" */;
			productName = FirebaseStorage;
		};
/* End XCSwiftPackageProductDependency section */
	};
	rootObject = 29211FC529DB6DC0000661FB /* Project object */;
}
