// !$*UTF8*$!
{
	archiveVersion = 1;
	classes = {
	};
	objectVersion = 56;
	objects = {

/* Begin PBXBuildFile section */
		2905CCAB29F5429800D4F968 /* MainView.swift in Sources */ = {isa = PBXBuildFile; fileRef = 2921201529DC65D4000661FB /* MainView.swift */; };
		2905CCAC29F5429800D4F968 /* LoadingView.swift in Sources */ = {isa = PBXBuildFile; fileRef = 2971E29129F1A1CF0077FCFC /* LoadingView.swift */; };
		2905CCAD29F5429800D4F968 /* Meal.swift in Sources */ = {isa = PBXBuildFile; fileRef = 2921201129DC4AC5000661FB /* Meal.swift */; };
		2905CCAE29F5429800D4F968 /* CustomStepper.swift in Sources */ = {isa = PBXBuildFile; fileRef = 2971E28829EB34400077FCFC /* CustomStepper.swift */; };
		2905CCAF29F5429800D4F968 /* CartProductView.swift in Sources */ = {isa = PBXBuildFile; fileRef = 2971E28A29EDCAC40077FCFC /* CartProductView.swift */; };
		2905CCB029F5429800D4F968 /* CartView.swift in Sources */ = {isa = PBXBuildFile; fileRef = 2971E28629EAD7DD0077FCFC /* CartView.swift */; };
		2905CCB129F5429800D4F968 /* MealViewModel.swift in Sources */ = {isa = PBXBuildFile; fileRef = 2921201329DC4D4C000661FB /* MealViewModel.swift */; };
		2905CCB229F5429800D4F968 /* ImageLoader.swift in Sources */ = {isa = PBXBuildFile; fileRef = 2921201A29DC949C000661FB /* ImageLoader.swift */; };
		2905CCB329F5429800D4F968 /* UserViewModel.swift in Sources */ = {isa = PBXBuildFile; fileRef = 2971E29529F2C2590077FCFC /* UserViewModel.swift */; };
		2905CCB429F5429800D4F968 /* MealDetailsView.swift in Sources */ = {isa = PBXBuildFile; fileRef = 2921201C29DED3B1000661FB /* MealDetailsView.swift */; };
		2905CCB529F5429800D4F968 /* User.swift in Sources */ = {isa = PBXBuildFile; fileRef = 2971E29329F2C2360077FCFC /* User.swift */; };
		2905CCB629F5429800D4F968 /* MealCard.swift in Sources */ = {isa = PBXBuildFile; fileRef = 2921201729DC9337000661FB /* MealCard.swift */; };
		2905CCB729F5429800D4F968 /* ContentView.swift in Sources */ = {isa = PBXBuildFile; fileRef = 2971E29729F2C64A0077FCFC /* ContentView.swift */; };
		29211FD129DB6DC0000661FB /* SwiftMealApp.swift in Sources */ = {isa = PBXBuildFile; fileRef = 29211FD029DB6DC0000661FB /* SwiftMealApp.swift */; };
		29211FD529DB6DC1000661FB /* Assets.xcassets in Resources */ = {isa = PBXBuildFile; fileRef = 29211FD429DB6DC1000661FB /* Assets.xcassets */; };
		29211FD829DB6DC1000661FB /* Preview Assets.xcassets in Resources */ = {isa = PBXBuildFile; fileRef = 29211FD729DB6DC1000661FB /* Preview Assets.xcassets */; };
		29211FE229DB6DC2000661FB /* SwiftMealTests.swift in Sources */ = {isa = PBXBuildFile; fileRef = 29211FE129DB6DC2000661FB /* SwiftMealTests.swift */; };
		29211FEC29DB6DC2000661FB /* SwiftMealUITests.swift in Sources */ = {isa = PBXBuildFile; fileRef = 29211FEB29DB6DC2000661FB /* SwiftMealUITests.swift */; };
		29211FEE29DB6DC2000661FB /* SwiftMealUITestsLaunchTests.swift in Sources */ = {isa = PBXBuildFile; fileRef = 29211FED29DB6DC2000661FB /* SwiftMealUITestsLaunchTests.swift */; };
		2921201229DC4AC5000661FB /* Meal.swift in Sources */ = {isa = PBXBuildFile; fileRef = 2921201129DC4AC5000661FB /* Meal.swift */; };
		2921201429DC4D4C000661FB /* MealViewModel.swift in Sources */ = {isa = PBXBuildFile; fileRef = 2921201329DC4D4C000661FB /* MealViewModel.swift */; };
		2921201629DC65D4000661FB /* MainView.swift in Sources */ = {isa = PBXBuildFile; fileRef = 2921201529DC65D4000661FB /* MainView.swift */; };
		2921201829DC9337000661FB /* MealCard.swift in Sources */ = {isa = PBXBuildFile; fileRef = 2921201729DC9337000661FB /* MealCard.swift */; };
		2921201B29DC949C000661FB /* ImageLoader.swift in Sources */ = {isa = PBXBuildFile; fileRef = 2921201A29DC949C000661FB /* ImageLoader.swift */; };
		2921201D29DED3B1000661FB /* MealDetailsView.swift in Sources */ = {isa = PBXBuildFile; fileRef = 2921201C29DED3B1000661FB /* MealDetailsView.swift */; };
		2921202129E1DB52000661FB /* GoogleService-Info.plist in Resources */ = {isa = PBXBuildFile; fileRef = 2921202029E1DB52000661FB /* GoogleService-Info.plist */; };
		2921202229E1DB52000661FB /* GoogleService-Info.plist in Resources */ = {isa = PBXBuildFile; fileRef = 2921202029E1DB52000661FB /* GoogleService-Info.plist */; };
		2921202329E1DB52000661FB /* GoogleService-Info.plist in Resources */ = {isa = PBXBuildFile; fileRef = 2921202029E1DB52000661FB /* GoogleService-Info.plist */; };
		2971E28729EAD7DD0077FCFC /* CartView.swift in Sources */ = {isa = PBXBuildFile; fileRef = 2971E28629EAD7DD0077FCFC /* CartView.swift */; };
		2971E28929EB34400077FCFC /* CustomStepper.swift in Sources */ = {isa = PBXBuildFile; fileRef = 2971E28829EB34400077FCFC /* CustomStepper.swift */; };
		2971E28B29EDCAC40077FCFC /* CartProductView.swift in Sources */ = {isa = PBXBuildFile; fileRef = 2971E28A29EDCAC40077FCFC /* CartProductView.swift */; };
		2971E29229F1A1CF0077FCFC /* LoadingView.swift in Sources */ = {isa = PBXBuildFile; fileRef = 2971E29129F1A1CF0077FCFC /* LoadingView.swift */; };
		2971E29429F2C2360077FCFC /* User.swift in Sources */ = {isa = PBXBuildFile; fileRef = 2971E29329F2C2360077FCFC /* User.swift */; };
		2971E29629F2C2590077FCFC /* UserViewModel.swift in Sources */ = {isa = PBXBuildFile; fileRef = 2971E29529F2C2590077FCFC /* UserViewModel.swift */; };
		2971E29829F2C64A0077FCFC /* ContentView.swift in Sources */ = {isa = PBXBuildFile; fileRef = 2971E29729F2C64A0077FCFC /* ContentView.swift */; };
		42E085E172307FF7A953629F /* Pods_SwiftMeal_SwiftMealUITests.framework in Frameworks */ = {isa = PBXBuildFile; fileRef = C83C7543CD736280A86EF8DE /* Pods_SwiftMeal_SwiftMealUITests.framework */; };
		A5638D2D85A70F0B9FBCFB1C /* Pods_SwiftMealTests.framework in Frameworks */ = {isa = PBXBuildFile; fileRef = 954EF3C3731B1B67D76EB6C5 /* Pods_SwiftMealTests.framework */; };
		D32DC0335D9B64A453379FDA /* Pods_SwiftMeal.framework in Frameworks */ = {isa = PBXBuildFile; fileRef = 8F076DDDA687BBC8112BD73B /* Pods_SwiftMeal.framework */; };
/* End PBXBuildFile section */

/* Begin PBXContainerItemProxy section */
		29211FDE29DB6DC2000661FB /* PBXContainerItemProxy */ = {
			isa = PBXContainerItemProxy;
			containerPortal = 29211FC529DB6DC0000661FB /* Project object */;
			proxyType = 1;
			remoteGlobalIDString = 29211FCC29DB6DC0000661FB;
			remoteInfo = SwiftMeal;
		};
		29211FE829DB6DC2000661FB /* PBXContainerItemProxy */ = {
			isa = PBXContainerItemProxy;
			containerPortal = 29211FC529DB6DC0000661FB /* Project object */;
			proxyType = 1;
			remoteGlobalIDString = 29211FCC29DB6DC0000661FB;
			remoteInfo = SwiftMeal;
		};
/* End PBXContainerItemProxy section */

/* Begin PBXFileReference section */
		0A405FB74421A65E0599929F /* Pods-SwiftMeal-SwiftMealUITests.release.xcconfig */ = {isa = PBXFileReference; includeInIndex = 1; lastKnownFileType = text.xcconfig; name = "Pods-SwiftMeal-SwiftMealUITests.release.xcconfig"; path = "Target Support Files/Pods-SwiftMeal-SwiftMealUITests/Pods-SwiftMeal-SwiftMealUITests.release.xcconfig"; sourceTree = "<group>"; };
		254E401E1FA7D3EC1B7FD5E4 /* Pods-SwiftMeal.release.xcconfig */ = {isa = PBXFileReference; includeInIndex = 1; lastKnownFileType = text.xcconfig; name = "Pods-SwiftMeal.release.xcconfig"; path = "Target Support Files/Pods-SwiftMeal/Pods-SwiftMeal.release.xcconfig"; sourceTree = "<group>"; };
		29211FCD29DB6DC0000661FB /* SwiftMeal.app */ = {isa = PBXFileReference; explicitFileType = wrapper.application; includeInIndex = 0; path = SwiftMeal.app; sourceTree = BUILT_PRODUCTS_DIR; };
		29211FD029DB6DC0000661FB /* SwiftMealApp.swift */ = {isa = PBXFileReference; lastKnownFileType = sourcecode.swift; path = SwiftMealApp.swift; sourceTree = "<group>"; };
		29211FD429DB6DC1000661FB /* Assets.xcassets */ = {isa = PBXFileReference; lastKnownFileType = folder.assetcatalog; path = Assets.xcassets; sourceTree = "<group>"; };
		29211FD729DB6DC1000661FB /* Preview Assets.xcassets */ = {isa = PBXFileReference; lastKnownFileType = folder.assetcatalog; path = "Preview Assets.xcassets"; sourceTree = "<group>"; };
		29211FDD29DB6DC2000661FB /* SwiftMealTests.xctest */ = {isa = PBXFileReference; explicitFileType = wrapper.cfbundle; includeInIndex = 0; path = SwiftMealTests.xctest; sourceTree = BUILT_PRODUCTS_DIR; };
		29211FE129DB6DC2000661FB /* SwiftMealTests.swift */ = {isa = PBXFileReference; lastKnownFileType = sourcecode.swift; path = SwiftMealTests.swift; sourceTree = "<group>"; };
		29211FE729DB6DC2000661FB /* SwiftMealUITests.xctest */ = {isa = PBXFileReference; explicitFileType = wrapper.cfbundle; includeInIndex = 0; path = SwiftMealUITests.xctest; sourceTree = BUILT_PRODUCTS_DIR; };
		29211FEB29DB6DC2000661FB /* SwiftMealUITests.swift */ = {isa = PBXFileReference; lastKnownFileType = sourcecode.swift; path = SwiftMealUITests.swift; sourceTree = "<group>"; };
		29211FED29DB6DC2000661FB /* SwiftMealUITestsLaunchTests.swift */ = {isa = PBXFileReference; lastKnownFileType = sourcecode.swift; path = SwiftMealUITestsLaunchTests.swift; sourceTree = "<group>"; };
		2921201129DC4AC5000661FB /* Meal.swift */ = {isa = PBXFileReference; lastKnownFileType = sourcecode.swift; path = Meal.swift; sourceTree = "<group>"; };
		2921201329DC4D4C000661FB /* MealViewModel.swift */ = {isa = PBXFileReference; lastKnownFileType = sourcecode.swift; path = MealViewModel.swift; sourceTree = "<group>"; };
		2921201529DC65D4000661FB /* MainView.swift */ = {isa = PBXFileReference; lastKnownFileType = sourcecode.swift; path = MainView.swift; sourceTree = "<group>"; };
		2921201729DC9337000661FB /* MealCard.swift */ = {isa = PBXFileReference; lastKnownFileType = sourcecode.swift; path = MealCard.swift; sourceTree = "<group>"; };
		2921201A29DC949C000661FB /* ImageLoader.swift */ = {isa = PBXFileReference; lastKnownFileType = sourcecode.swift; path = ImageLoader.swift; sourceTree = "<group>"; };
		2921201C29DED3B1000661FB /* MealDetailsView.swift */ = {isa = PBXFileReference; lastKnownFileType = sourcecode.swift; path = MealDetailsView.swift; sourceTree = "<group>"; };
		2921202029E1DB52000661FB /* GoogleService-Info.plist */ = {isa = PBXFileReference; fileEncoding = 4; lastKnownFileType = text.plist.xml; path = "GoogleService-Info.plist"; sourceTree = "<group>"; };
		2971E28629EAD7DD0077FCFC /* CartView.swift */ = {isa = PBXFileReference; lastKnownFileType = sourcecode.swift; path = CartView.swift; sourceTree = "<group>"; };
		2971E28829EB34400077FCFC /* CustomStepper.swift */ = {isa = PBXFileReference; lastKnownFileType = sourcecode.swift; path = CustomStepper.swift; sourceTree = "<group>"; };
		2971E28A29EDCAC40077FCFC /* CartProductView.swift */ = {isa = PBXFileReference; lastKnownFileType = sourcecode.swift; path = CartProductView.swift; sourceTree = "<group>"; };
		2971E29129F1A1CF0077FCFC /* LoadingView.swift */ = {isa = PBXFileReference; lastKnownFileType = sourcecode.swift; path = LoadingView.swift; sourceTree = "<group>"; };
		2971E29329F2C2360077FCFC /* User.swift */ = {isa = PBXFileReference; lastKnownFileType = sourcecode.swift; path = User.swift; sourceTree = "<group>"; };
		2971E29529F2C2590077FCFC /* UserViewModel.swift */ = {isa = PBXFileReference; lastKnownFileType = sourcecode.swift; path = UserViewModel.swift; sourceTree = "<group>"; };
		2971E29729F2C64A0077FCFC /* ContentView.swift */ = {isa = PBXFileReference; lastKnownFileType = sourcecode.swift; path = ContentView.swift; sourceTree = "<group>"; };
		2C6029A7BB2F05C195B318E9 /* Pods-SwiftMeal.debug.xcconfig */ = {isa = PBXFileReference; includeInIndex = 1; lastKnownFileType = text.xcconfig; name = "Pods-SwiftMeal.debug.xcconfig"; path = "Target Support Files/Pods-SwiftMeal/Pods-SwiftMeal.debug.xcconfig"; sourceTree = "<group>"; };
		487A804D19A4E3CC55D8A920 /* Pods-SwiftMeal-SwiftMealUITests.debug.xcconfig */ = {isa = PBXFileReference; includeInIndex = 1; lastKnownFileType = text.xcconfig; name = "Pods-SwiftMeal-SwiftMealUITests.debug.xcconfig"; path = "Target Support Files/Pods-SwiftMeal-SwiftMealUITests/Pods-SwiftMeal-SwiftMealUITests.debug.xcconfig"; sourceTree = "<group>"; };
		8F076DDDA687BBC8112BD73B /* Pods_SwiftMeal.framework */ = {isa = PBXFileReference; explicitFileType = wrapper.framework; includeInIndex = 0; path = Pods_SwiftMeal.framework; sourceTree = BUILT_PRODUCTS_DIR; };
		954EF3C3731B1B67D76EB6C5 /* Pods_SwiftMealTests.framework */ = {isa = PBXFileReference; explicitFileType = wrapper.framework; includeInIndex = 0; path = Pods_SwiftMealTests.framework; sourceTree = BUILT_PRODUCTS_DIR; };
		C5738FBA1449195BE49417A2 /* Pods-SwiftMealTests.release.xcconfig */ = {isa = PBXFileReference; includeInIndex = 1; lastKnownFileType = text.xcconfig; name = "Pods-SwiftMealTests.release.xcconfig"; path = "Target Support Files/Pods-SwiftMealTests/Pods-SwiftMealTests.release.xcconfig"; sourceTree = "<group>"; };
		C83C7543CD736280A86EF8DE /* Pods_SwiftMeal_SwiftMealUITests.framework */ = {isa = PBXFileReference; explicitFileType = wrapper.framework; includeInIndex = 0; path = Pods_SwiftMeal_SwiftMealUITests.framework; sourceTree = BUILT_PRODUCTS_DIR; };
		E39B5AD3EA590ED6C27EA36F /* Pods-SwiftMealTests.debug.xcconfig */ = {isa = PBXFileReference; includeInIndex = 1; lastKnownFileType = text.xcconfig; name = "Pods-SwiftMealTests.debug.xcconfig"; path = "Target Support Files/Pods-SwiftMealTests/Pods-SwiftMealTests.debug.xcconfig"; sourceTree = "<group>"; };
/* End PBXFileReference section */

/* Begin PBXFrameworksBuildPhase section */
		29211FCA29DB6DC0000661FB /* Frameworks */ = {
			isa = PBXFrameworksBuildPhase;
			buildActionMask = 2147483647;
			files = (
				D32DC0335D9B64A453379FDA /* Pods_SwiftMeal.framework in Frameworks */,
			);
			runOnlyForDeploymentPostprocessing = 0;
		};
		29211FDA29DB6DC2000661FB /* Frameworks */ = {
			isa = PBXFrameworksBuildPhase;
			buildActionMask = 2147483647;
			files = (
				A5638D2D85A70F0B9FBCFB1C /* Pods_SwiftMealTests.framework in Frameworks */,
			);
			runOnlyForDeploymentPostprocessing = 0;
		};
		29211FE429DB6DC2000661FB /* Frameworks */ = {
			isa = PBXFrameworksBuildPhase;
			buildActionMask = 2147483647;
			files = (
				42E085E172307FF7A953629F /* Pods_SwiftMeal_SwiftMealUITests.framework in Frameworks */,
			);
			runOnlyForDeploymentPostprocessing = 0;
		};
/* End PBXFrameworksBuildPhase section */

/* Begin PBXGroup section */
		29211FC429DB6DC0000661FB = {
			isa = PBXGroup;
			children = (
				29211FCF29DB6DC0000661FB /* SwiftMeal */,
				29211FE029DB6DC2000661FB /* SwiftMealTests */,
				29211FEA29DB6DC2000661FB /* SwiftMealUITests */,
				29211FCE29DB6DC0000661FB /* Products */,
				E3A88FC9ED7BD2A1AC52594E /* Pods */,
				D768D8E837C8686FF81D4A76 /* Frameworks */,
			);
			sourceTree = "<group>";
		};
		29211FCE29DB6DC0000661FB /* Products */ = {
			isa = PBXGroup;
			children = (
				29211FCD29DB6DC0000661FB /* SwiftMeal.app */,
				29211FDD29DB6DC2000661FB /* SwiftMealTests.xctest */,
				29211FE729DB6DC2000661FB /* SwiftMealUITests.xctest */,
			);
			name = Products;
			sourceTree = "<group>";
		};
		29211FCF29DB6DC0000661FB /* SwiftMeal */ = {
			isa = PBXGroup;
			children = (
				2921202029E1DB52000661FB /* GoogleService-Info.plist */,
				2921201929DC948B000661FB /* Extensions */,
				2921201029DC4AB6000661FB /* Views */,
				2921200F29DC4AAD000661FB /* ViewModels */,
				2921200E29DC4A96000661FB /* Models */,
				29211FD029DB6DC0000661FB /* SwiftMealApp.swift */,
				29211FD429DB6DC1000661FB /* Assets.xcassets */,
				29211FD629DB6DC1000661FB /* Preview Content */,
			);
			path = SwiftMeal;
			sourceTree = "<group>";
		};
		29211FD629DB6DC1000661FB /* Preview Content */ = {
			isa = PBXGroup;
			children = (
				29211FD729DB6DC1000661FB /* Preview Assets.xcassets */,
			);
			path = "Preview Content";
			sourceTree = "<group>";
		};
		29211FE029DB6DC2000661FB /* SwiftMealTests */ = {
			isa = PBXGroup;
			children = (
				29211FE129DB6DC2000661FB /* SwiftMealTests.swift */,
			);
			path = SwiftMealTests;
			sourceTree = "<group>";
		};
		29211FEA29DB6DC2000661FB /* SwiftMealUITests */ = {
			isa = PBXGroup;
			children = (
				29211FEB29DB6DC2000661FB /* SwiftMealUITests.swift */,
				29211FED29DB6DC2000661FB /* SwiftMealUITestsLaunchTests.swift */,
			);
			path = SwiftMealUITests;
			sourceTree = "<group>";
		};
		2921200E29DC4A96000661FB /* Models */ = {
			isa = PBXGroup;
			children = (
				2921201129DC4AC5000661FB /* Meal.swift */,
				2971E29329F2C2360077FCFC /* User.swift */,
			);
			path = Models;
			sourceTree = "<group>";
		};
		2921200F29DC4AAD000661FB /* ViewModels */ = {
			isa = PBXGroup;
			children = (
				2921201329DC4D4C000661FB /* MealViewModel.swift */,
				2971E29529F2C2590077FCFC /* UserViewModel.swift */,
			);
			path = ViewModels;
			sourceTree = "<group>";
		};
		2921201029DC4AB6000661FB /* Views */ = {
			isa = PBXGroup;
			children = (
				2921201529DC65D4000661FB /* MainView.swift */,
				2921201729DC9337000661FB /* MealCard.swift */,
				2921201C29DED3B1000661FB /* MealDetailsView.swift */,
				2971E28629EAD7DD0077FCFC /* CartView.swift */,
				2971E28A29EDCAC40077FCFC /* CartProductView.swift */,
				2971E29129F1A1CF0077FCFC /* LoadingView.swift */,
				2971E29729F2C64A0077FCFC /* ContentView.swift */,
			);
			path = Views;
			sourceTree = "<group>";
		};
		2921201929DC948B000661FB /* Extensions */ = {
			isa = PBXGroup;
			children = (
				2921201A29DC949C000661FB /* ImageLoader.swift */,
				2971E28829EB34400077FCFC /* CustomStepper.swift */,
			);
			path = Extensions;
			sourceTree = "<group>";
		};
		D768D8E837C8686FF81D4A76 /* Frameworks */ = {
			isa = PBXGroup;
			children = (
				8F076DDDA687BBC8112BD73B /* Pods_SwiftMeal.framework */,
				C83C7543CD736280A86EF8DE /* Pods_SwiftMeal_SwiftMealUITests.framework */,
				954EF3C3731B1B67D76EB6C5 /* Pods_SwiftMealTests.framework */,
			);
			name = Frameworks;
			sourceTree = "<group>";
		};
		E3A88FC9ED7BD2A1AC52594E /* Pods */ = {
			isa = PBXGroup;
			children = (
				2C6029A7BB2F05C195B318E9 /* Pods-SwiftMeal.debug.xcconfig */,
				254E401E1FA7D3EC1B7FD5E4 /* Pods-SwiftMeal.release.xcconfig */,
				487A804D19A4E3CC55D8A920 /* Pods-SwiftMeal-SwiftMealUITests.debug.xcconfig */,
				0A405FB74421A65E0599929F /* Pods-SwiftMeal-SwiftMealUITests.release.xcconfig */,
				E39B5AD3EA590ED6C27EA36F /* Pods-SwiftMealTests.debug.xcconfig */,
				C5738FBA1449195BE49417A2 /* Pods-SwiftMealTests.release.xcconfig */,
			);
			path = Pods;
			sourceTree = "<group>";
		};
/* End PBXGroup section */

/* Begin PBXNativeTarget section */
		29211FCC29DB6DC0000661FB /* SwiftMeal */ = {
			isa = PBXNativeTarget;
			buildConfigurationList = 29211FF129DB6DC2000661FB /* Build configuration list for PBXNativeTarget "SwiftMeal" */;
			buildPhases = (
				E19EF1230EA4A13FE059B761 /* [CP] Check Pods Manifest.lock */,
				29211FC929DB6DC0000661FB /* Sources */,
				29211FCA29DB6DC0000661FB /* Frameworks */,
				29211FCB29DB6DC0000661FB /* Resources */,
				C92BD926380C8949C36E3E95 /* [CP] Embed Pods Frameworks */,
			);
			buildRules = (
			);
			dependencies = (
			);
			name = SwiftMeal;
			productName = SwiftMeal;
			productReference = 29211FCD29DB6DC0000661FB /* SwiftMeal.app */;
			productType = "com.apple.product-type.application";
		};
		29211FDC29DB6DC2000661FB /* SwiftMealTests */ = {
			isa = PBXNativeTarget;
			buildConfigurationList = 29211FF429DB6DC2000661FB /* Build configuration list for PBXNativeTarget "SwiftMealTests" */;
			buildPhases = (
				4C5189BB83C6A11EF56B41B0 /* [CP] Check Pods Manifest.lock */,
				29211FD929DB6DC2000661FB /* Sources */,
				29211FDA29DB6DC2000661FB /* Frameworks */,
				29211FDB29DB6DC2000661FB /* Resources */,
				1D50B5CF88ABBDB78AB1B117 /* [CP] Embed Pods Frameworks */,
			);
			buildRules = (
			);
			dependencies = (
				29211FDF29DB6DC2000661FB /* PBXTargetDependency */,
			);
			name = SwiftMealTests;
			productName = SwiftMealTests;
			productReference = 29211FDD29DB6DC2000661FB /* SwiftMealTests.xctest */;
			productType = "com.apple.product-type.bundle.unit-test";
		};
		29211FE629DB6DC2000661FB /* SwiftMealUITests */ = {
			isa = PBXNativeTarget;
			buildConfigurationList = 29211FF729DB6DC2000661FB /* Build configuration list for PBXNativeTarget "SwiftMealUITests" */;
			buildPhases = (
				D69C114613727A3A0E9A6101 /* [CP] Check Pods Manifest.lock */,
				29211FE329DB6DC2000661FB /* Sources */,
				29211FE429DB6DC2000661FB /* Frameworks */,
				29211FE529DB6DC2000661FB /* Resources */,
				B0C6CBA16E60547160A32508 /* [CP] Embed Pods Frameworks */,
			);
			buildRules = (
			);
			dependencies = (
				29211FE929DB6DC2000661FB /* PBXTargetDependency */,
			);
			name = SwiftMealUITests;
			productName = SwiftMealUITests;
			productReference = 29211FE729DB6DC2000661FB /* SwiftMealUITests.xctest */;
			productType = "com.apple.product-type.bundle.ui-testing";
		};
/* End PBXNativeTarget section */

/* Begin PBXProject section */
		29211FC529DB6DC0000661FB /* Project object */ = {
			isa = PBXProject;
			attributes = {
				BuildIndependentTargetsInParallel = 1;
				LastSwiftUpdateCheck = 1430;
				LastUpgradeCheck = 1430;
				TargetAttributes = {
					29211FCC29DB6DC0000661FB = {
						CreatedOnToolsVersion = 14.3;
					};
					29211FDC29DB6DC2000661FB = {
						CreatedOnToolsVersion = 14.3;
						TestTargetID = 29211FCC29DB6DC0000661FB;
					};
					29211FE629DB6DC2000661FB = {
						CreatedOnToolsVersion = 14.3;
						TestTargetID = 29211FCC29DB6DC0000661FB;
					};
				};
			};
			buildConfigurationList = 29211FC829DB6DC0000661FB /* Build configuration list for PBXProject "SwiftMeal" */;
			compatibilityVersion = "Xcode 14.0";
			developmentRegion = en;
			hasScannedForEncodings = 0;
			knownRegions = (
				en,
				Base,
			);
			mainGroup = 29211FC429DB6DC0000661FB;
			productRefGroup = 29211FCE29DB6DC0000661FB /* Products */;
			projectDirPath = "";
			projectRoot = "";
			targets = (
				29211FCC29DB6DC0000661FB /* SwiftMeal */,
				29211FDC29DB6DC2000661FB /* SwiftMealTests */,
				29211FE629DB6DC2000661FB /* SwiftMealUITests */,
			);
		};
/* End PBXProject section */

/* Begin PBXResourcesBuildPhase section */
		29211FCB29DB6DC0000661FB /* Resources */ = {
			isa = PBXResourcesBuildPhase;
			buildActionMask = 2147483647;
			files = (
				29211FD829DB6DC1000661FB /* Preview Assets.xcassets in Resources */,
				2921202129E1DB52000661FB /* GoogleService-Info.plist in Resources */,
				29211FD529DB6DC1000661FB /* Assets.xcassets in Resources */,
			);
			runOnlyForDeploymentPostprocessing = 0;
		};
		29211FDB29DB6DC2000661FB /* Resources */ = {
			isa = PBXResourcesBuildPhase;
			buildActionMask = 2147483647;
			files = (
				2921202229E1DB52000661FB /* GoogleService-Info.plist in Resources */,
			);
			runOnlyForDeploymentPostprocessing = 0;
		};
		29211FE529DB6DC2000661FB /* Resources */ = {
			isa = PBXResourcesBuildPhase;
			buildActionMask = 2147483647;
			files = (
				2921202329E1DB52000661FB /* GoogleService-Info.plist in Resources */,
			);
			runOnlyForDeploymentPostprocessing = 0;
		};
/* End PBXResourcesBuildPhase section */

/* Begin PBXShellScriptBuildPhase section */
		1D50B5CF88ABBDB78AB1B117 /* [CP] Embed Pods Frameworks */ = {
			isa = PBXShellScriptBuildPhase;
			buildActionMask = 2147483647;
			files = (
			);
			inputFileListPaths = (
				"${PODS_ROOT}/Target Support Files/Pods-SwiftMealTests/Pods-SwiftMealTests-frameworks-${CONFIGURATION}-input-files.xcfilelist",
			);
			name = "[CP] Embed Pods Frameworks";
			outputFileListPaths = (
				"${PODS_ROOT}/Target Support Files/Pods-SwiftMealTests/Pods-SwiftMealTests-frameworks-${CONFIGURATION}-output-files.xcfilelist",
			);
			runOnlyForDeploymentPostprocessing = 0;
			shellPath = /bin/sh;
			shellScript = "\"${PODS_ROOT}/Target Support Files/Pods-SwiftMealTests/Pods-SwiftMealTests-frameworks.sh\"\n";
			showEnvVarsInLog = 0;
		};
		4C5189BB83C6A11EF56B41B0 /* [CP] Check Pods Manifest.lock */ = {
			isa = PBXShellScriptBuildPhase;
			buildActionMask = 2147483647;
			files = (
			);
			inputFileListPaths = (
			);
			inputPaths = (
				"${PODS_PODFILE_DIR_PATH}/Podfile.lock",
				"${PODS_ROOT}/Manifest.lock",
			);
			name = "[CP] Check Pods Manifest.lock";
			outputFileListPaths = (
			);
			outputPaths = (
				"$(DERIVED_FILE_DIR)/Pods-SwiftMealTests-checkManifestLockResult.txt",
			);
			runOnlyForDeploymentPostprocessing = 0;
			shellPath = /bin/sh;
			shellScript = "diff \"${PODS_PODFILE_DIR_PATH}/Podfile.lock\" \"${PODS_ROOT}/Manifest.lock\" > /dev/null\nif [ $? != 0 ] ; then\n    # print error to STDERR\n    echo \"error: The sandbox is not in sync with the Podfile.lock. Run 'pod install' or update your CocoaPods installation.\" >&2\n    exit 1\nfi\n# This output is used by Xcode 'outputs' to avoid re-running this script phase.\necho \"SUCCESS\" > \"${SCRIPT_OUTPUT_FILE_0}\"\n";
			showEnvVarsInLog = 0;
		};
		B0C6CBA16E60547160A32508 /* [CP] Embed Pods Frameworks */ = {
			isa = PBXShellScriptBuildPhase;
			buildActionMask = 2147483647;
			files = (
			);
			inputFileListPaths = (
				"${PODS_ROOT}/Target Support Files/Pods-SwiftMeal-SwiftMealUITests/Pods-SwiftMeal-SwiftMealUITests-frameworks-${CONFIGURATION}-input-files.xcfilelist",
			);
			name = "[CP] Embed Pods Frameworks";
			outputFileListPaths = (
				"${PODS_ROOT}/Target Support Files/Pods-SwiftMeal-SwiftMealUITests/Pods-SwiftMeal-SwiftMealUITests-frameworks-${CONFIGURATION}-output-files.xcfilelist",
			);
			runOnlyForDeploymentPostprocessing = 0;
			shellPath = /bin/sh;
			shellScript = "\"${PODS_ROOT}/Target Support Files/Pods-SwiftMeal-SwiftMealUITests/Pods-SwiftMeal-SwiftMealUITests-frameworks.sh\"\n";
			showEnvVarsInLog = 0;
		};
		C92BD926380C8949C36E3E95 /* [CP] Embed Pods Frameworks */ = {
			isa = PBXShellScriptBuildPhase;
			buildActionMask = 2147483647;
			files = (
			);
			inputFileListPaths = (
				"${PODS_ROOT}/Target Support Files/Pods-SwiftMeal/Pods-SwiftMeal-frameworks-${CONFIGURATION}-input-files.xcfilelist",
			);
			name = "[CP] Embed Pods Frameworks";
			outputFileListPaths = (
				"${PODS_ROOT}/Target Support Files/Pods-SwiftMeal/Pods-SwiftMeal-frameworks-${CONFIGURATION}-output-files.xcfilelist",
			);
			runOnlyForDeploymentPostprocessing = 0;
			shellPath = /bin/sh;
			shellScript = "\"${PODS_ROOT}/Target Support Files/Pods-SwiftMeal/Pods-SwiftMeal-frameworks.sh\"\n";
			showEnvVarsInLog = 0;
		};
		D69C114613727A3A0E9A6101 /* [CP] Check Pods Manifest.lock */ = {
			isa = PBXShellScriptBuildPhase;
			buildActionMask = 2147483647;
			files = (
			);
			inputFileListPaths = (
			);
			inputPaths = (
				"${PODS_PODFILE_DIR_PATH}/Podfile.lock",
				"${PODS_ROOT}/Manifest.lock",
			);
			name = "[CP] Check Pods Manifest.lock";
			outputFileListPaths = (
			);
			outputPaths = (
				"$(DERIVED_FILE_DIR)/Pods-SwiftMeal-SwiftMealUITests-checkManifestLockResult.txt",
			);
			runOnlyForDeploymentPostprocessing = 0;
			shellPath = /bin/sh;
			shellScript = "diff \"${PODS_PODFILE_DIR_PATH}/Podfile.lock\" \"${PODS_ROOT}/Manifest.lock\" > /dev/null\nif [ $? != 0 ] ; then\n    # print error to STDERR\n    echo \"error: The sandbox is not in sync with the Podfile.lock. Run 'pod install' or update your CocoaPods installation.\" >&2\n    exit 1\nfi\n# This output is used by Xcode 'outputs' to avoid re-running this script phase.\necho \"SUCCESS\" > \"${SCRIPT_OUTPUT_FILE_0}\"\n";
			showEnvVarsInLog = 0;
		};
		E19EF1230EA4A13FE059B761 /* [CP] Check Pods Manifest.lock */ = {
			isa = PBXShellScriptBuildPhase;
			buildActionMask = 2147483647;
			files = (
			);
			inputFileListPaths = (
			);
			inputPaths = (
				"${PODS_PODFILE_DIR_PATH}/Podfile.lock",
				"${PODS_ROOT}/Manifest.lock",
			);
			name = "[CP] Check Pods Manifest.lock";
			outputFileListPaths = (
			);
			outputPaths = (
				"$(DERIVED_FILE_DIR)/Pods-SwiftMeal-checkManifestLockResult.txt",
			);
			runOnlyForDeploymentPostprocessing = 0;
			shellPath = /bin/sh;
			shellScript = "diff \"${PODS_PODFILE_DIR_PATH}/Podfile.lock\" \"${PODS_ROOT}/Manifest.lock\" > /dev/null\nif [ $? != 0 ] ; then\n    # print error to STDERR\n    echo \"error: The sandbox is not in sync with the Podfile.lock. Run 'pod install' or update your CocoaPods installation.\" >&2\n    exit 1\nfi\n# This output is used by Xcode 'outputs' to avoid re-running this script phase.\necho \"SUCCESS\" > \"${SCRIPT_OUTPUT_FILE_0}\"\n";
			showEnvVarsInLog = 0;
		};
/* End PBXShellScriptBuildPhase section */

/* Begin PBXSourcesBuildPhase section */
		29211FC929DB6DC0000661FB /* Sources */ = {
			isa = PBXSourcesBuildPhase;
			buildActionMask = 2147483647;
			files = (
				2971E29429F2C2360077FCFC /* User.swift in Sources */,
				2921201829DC9337000661FB /* MealCard.swift in Sources */,
				2921201429DC4D4C000661FB /* MealViewModel.swift in Sources */,
				2921201B29DC949C000661FB /* ImageLoader.swift in Sources */,
				2921201229DC4AC5000661FB /* Meal.swift in Sources */,
				2971E29629F2C2590077FCFC /* UserViewModel.swift in Sources */,
				2921201629DC65D4000661FB /* MainView.swift in Sources */,
				2971E29229F1A1CF0077FCFC /* LoadingView.swift in Sources */,
				29211FD129DB6DC0000661FB /* SwiftMealApp.swift in Sources */,
				2971E28B29EDCAC40077FCFC /* CartProductView.swift in Sources */,
				2971E28729EAD7DD0077FCFC /* CartView.swift in Sources */,
				2971E29829F2C64A0077FCFC /* ContentView.swift in Sources */,
				2921201D29DED3B1000661FB /* MealDetailsView.swift in Sources */,
				2971E28929EB34400077FCFC /* CustomStepper.swift in Sources */,
			);
			runOnlyForDeploymentPostprocessing = 0;
		};
		29211FD929DB6DC2000661FB /* Sources */ = {
			isa = PBXSourcesBuildPhase;
			buildActionMask = 2147483647;
			files = (
				2905CCB629F5429800D4F968 /* MealCard.swift in Sources */,
				2905CCAE29F5429800D4F968 /* CustomStepper.swift in Sources */,
				2905CCB729F5429800D4F968 /* ContentView.swift in Sources */,
				2905CCB129F5429800D4F968 /* MealViewModel.swift in Sources */,
				2905CCB029F5429800D4F968 /* CartView.swift in Sources */,
				2905CCB329F5429800D4F968 /* UserViewModel.swift in Sources */,
				2905CCB429F5429800D4F968 /* MealDetailsView.swift in Sources */,
				2905CCAD29F5429800D4F968 /* Meal.swift in Sources */,
				2905CCAF29F5429800D4F968 /* CartProductView.swift in Sources */,
				2905CCB229F5429800D4F968 /* ImageLoader.swift in Sources */,
				2905CCB529F5429800D4F968 /* User.swift in Sources */,
				29211FE229DB6DC2000661FB /* SwiftMealTests.swift in Sources */,
				2905CCAB29F5429800D4F968 /* MainView.swift in Sources */,
				2905CCAC29F5429800D4F968 /* LoadingView.swift in Sources */,
			);
			runOnlyForDeploymentPostprocessing = 0;
		};
		29211FE329DB6DC2000661FB /* Sources */ = {
			isa = PBXSourcesBuildPhase;
			buildActionMask = 2147483647;
			files = (
				29211FEC29DB6DC2000661FB /* SwiftMealUITests.swift in Sources */,
				29211FEE29DB6DC2000661FB /* SwiftMealUITestsLaunchTests.swift in Sources */,
			);
			runOnlyForDeploymentPostprocessing = 0;
		};
/* End PBXSourcesBuildPhase section */

/* Begin PBXTargetDependency section */
		29211FDF29DB6DC2000661FB /* PBXTargetDependency */ = {
			isa = PBXTargetDependency;
			target = 29211FCC29DB6DC0000661FB /* SwiftMeal */;
			targetProxy = 29211FDE29DB6DC2000661FB /* PBXContainerItemProxy */;
		};
		29211FE929DB6DC2000661FB /* PBXTargetDependency */ = {
			isa = PBXTargetDependency;
			target = 29211FCC29DB6DC0000661FB /* SwiftMeal */;
			targetProxy = 29211FE829DB6DC2000661FB /* PBXContainerItemProxy */;
		};
/* End PBXTargetDependency section */

/* Begin XCBuildConfiguration section */
		29211FEF29DB6DC2000661FB /* Debug */ = {
			isa = XCBuildConfiguration;
			buildSettings = {
				ALWAYS_SEARCH_USER_PATHS = NO;
				CLANG_ANALYZER_NONNULL = YES;
				CLANG_ANALYZER_NUMBER_OBJECT_CONVERSION = YES_AGGRESSIVE;
				CLANG_CXX_LANGUAGE_STANDARD = "gnu++20";
				CLANG_ENABLE_MODULES = YES;
				CLANG_ENABLE_OBJC_ARC = YES;
				CLANG_ENABLE_OBJC_WEAK = YES;
				CLANG_WARN_BLOCK_CAPTURE_AUTORELEASING = YES;
				CLANG_WARN_BOOL_CONVERSION = YES;
				CLANG_WARN_COMMA = YES;
				CLANG_WARN_CONSTANT_CONVERSION = YES;
				CLANG_WARN_DEPRECATED_OBJC_IMPLEMENTATIONS = YES;
				CLANG_WARN_DIRECT_OBJC_ISA_USAGE = YES_ERROR;
				CLANG_WARN_DOCUMENTATION_COMMENTS = YES;
				CLANG_WARN_EMPTY_BODY = YES;
				CLANG_WARN_ENUM_CONVERSION = YES;
				CLANG_WARN_INFINITE_RECURSION = YES;
				CLANG_WARN_INT_CONVERSION = YES;
				CLANG_WARN_NON_LITERAL_NULL_CONVERSION = YES;
				CLANG_WARN_OBJC_IMPLICIT_RETAIN_SELF = YES;
				CLANG_WARN_OBJC_LITERAL_CONVERSION = YES;
				CLANG_WARN_OBJC_ROOT_CLASS = YES_ERROR;
				CLANG_WARN_QUOTED_INCLUDE_IN_FRAMEWORK_HEADER = YES;
				CLANG_WARN_RANGE_LOOP_ANALYSIS = YES;
				CLANG_WARN_STRICT_PROTOTYPES = YES;
				CLANG_WARN_SUSPICIOUS_MOVE = YES;
				CLANG_WARN_UNGUARDED_AVAILABILITY = YES_AGGRESSIVE;
				CLANG_WARN_UNREACHABLE_CODE = YES;
				CLANG_WARN__DUPLICATE_METHOD_MATCH = YES;
				COPY_PHASE_STRIP = NO;
				DEBUG_INFORMATION_FORMAT = dwarf;
				ENABLE_STRICT_OBJC_MSGSEND = YES;
				ENABLE_TESTABILITY = YES;
				GCC_C_LANGUAGE_STANDARD = gnu11;
				GCC_DYNAMIC_NO_PIC = NO;
				GCC_NO_COMMON_BLOCKS = YES;
				GCC_OPTIMIZATION_LEVEL = 0;
				GCC_PREPROCESSOR_DEFINITIONS = (
					"DEBUG=1",
					"$(inherited)",
				);
				GCC_WARN_64_TO_32_BIT_CONVERSION = YES;
				GCC_WARN_ABOUT_RETURN_TYPE = YES_ERROR;
				GCC_WARN_UNDECLARED_SELECTOR = YES;
				GCC_WARN_UNINITIALIZED_AUTOS = YES_AGGRESSIVE;
				GCC_WARN_UNUSED_FUNCTION = YES;
				GCC_WARN_UNUSED_VARIABLE = YES;
				IPHONEOS_DEPLOYMENT_TARGET = 16.4;
				MTL_ENABLE_DEBUG_INFO = INCLUDE_SOURCE;
				MTL_FAST_MATH = YES;
				ONLY_ACTIVE_ARCH = YES;
				SDKROOT = iphoneos;
				SWIFT_ACTIVE_COMPILATION_CONDITIONS = DEBUG;
				SWIFT_OPTIMIZATION_LEVEL = "-Onone";
			};
			name = Debug;
		};
		29211FF029DB6DC2000661FB /* Release */ = {
			isa = XCBuildConfiguration;
			buildSettings = {
				ALWAYS_SEARCH_USER_PATHS = NO;
				CLANG_ANALYZER_NONNULL = YES;
				CLANG_ANALYZER_NUMBER_OBJECT_CONVERSION = YES_AGGRESSIVE;
				CLANG_CXX_LANGUAGE_STANDARD = "gnu++20";
				CLANG_ENABLE_MODULES = YES;
				CLANG_ENABLE_OBJC_ARC = YES;
				CLANG_ENABLE_OBJC_WEAK = YES;
				CLANG_WARN_BLOCK_CAPTURE_AUTORELEASING = YES;
				CLANG_WARN_BOOL_CONVERSION = YES;
				CLANG_WARN_COMMA = YES;
				CLANG_WARN_CONSTANT_CONVERSION = YES;
				CLANG_WARN_DEPRECATED_OBJC_IMPLEMENTATIONS = YES;
				CLANG_WARN_DIRECT_OBJC_ISA_USAGE = YES_ERROR;
				CLANG_WARN_DOCUMENTATION_COMMENTS = YES;
				CLANG_WARN_EMPTY_BODY = YES;
				CLANG_WARN_ENUM_CONVERSION = YES;
				CLANG_WARN_INFINITE_RECURSION = YES;
				CLANG_WARN_INT_CONVERSION = YES;
				CLANG_WARN_NON_LITERAL_NULL_CONVERSION = YES;
				CLANG_WARN_OBJC_IMPLICIT_RETAIN_SELF = YES;
				CLANG_WARN_OBJC_LITERAL_CONVERSION = YES;
				CLANG_WARN_OBJC_ROOT_CLASS = YES_ERROR;
				CLANG_WARN_QUOTED_INCLUDE_IN_FRAMEWORK_HEADER = YES;
				CLANG_WARN_RANGE_LOOP_ANALYSIS = YES;
				CLANG_WARN_STRICT_PROTOTYPES = YES;
				CLANG_WARN_SUSPICIOUS_MOVE = YES;
				CLANG_WARN_UNGUARDED_AVAILABILITY = YES_AGGRESSIVE;
				CLANG_WARN_UNREACHABLE_CODE = YES;
				CLANG_WARN__DUPLICATE_METHOD_MATCH = YES;
				COPY_PHASE_STRIP = NO;
				DEBUG_INFORMATION_FORMAT = "dwarf-with-dsym";
				ENABLE_NS_ASSERTIONS = NO;
				ENABLE_STRICT_OBJC_MSGSEND = YES;
				GCC_C_LANGUAGE_STANDARD = gnu11;
				GCC_NO_COMMON_BLOCKS = YES;
				GCC_WARN_64_TO_32_BIT_CONVERSION = YES;
				GCC_WARN_ABOUT_RETURN_TYPE = YES_ERROR;
				GCC_WARN_UNDECLARED_SELECTOR = YES;
				GCC_WARN_UNINITIALIZED_AUTOS = YES_AGGRESSIVE;
				GCC_WARN_UNUSED_FUNCTION = YES;
				GCC_WARN_UNUSED_VARIABLE = YES;
				IPHONEOS_DEPLOYMENT_TARGET = 16.4;
				MTL_ENABLE_DEBUG_INFO = NO;
				MTL_FAST_MATH = YES;
				SDKROOT = iphoneos;
				SWIFT_COMPILATION_MODE = wholemodule;
				SWIFT_OPTIMIZATION_LEVEL = "-O";
				VALIDATE_PRODUCT = YES;
			};
			name = Release;
		};
		29211FF229DB6DC2000661FB /* Debug */ = {
			isa = XCBuildConfiguration;
			baseConfigurationReference = 2C6029A7BB2F05C195B318E9 /* Pods-SwiftMeal.debug.xcconfig */;
			buildSettings = {
				ASSETCATALOG_COMPILER_APPICON_NAME = AppIcon;
				ASSETCATALOG_COMPILER_GLOBAL_ACCENT_COLOR_NAME = AccentColor;
				ASSETCATALOG_COMPILER_INCLUDE_ALL_APPICON_ASSETS = NO;
				CODE_SIGN_STYLE = Automatic;
				CURRENT_PROJECT_VERSION = 1;
				DEVELOPMENT_ASSET_PATHS = "\"SwiftMeal/Preview Content\"";
				DEVELOPMENT_TEAM = TU72F4GFFV;
				ENABLE_PREVIEWS = YES;
				GENERATE_INFOPLIST_FILE = YES;
				INFOPLIST_KEY_UIApplicationSceneManifest_Generation = YES;
				INFOPLIST_KEY_UIApplicationSupportsIndirectInputEvents = YES;
				INFOPLIST_KEY_UILaunchScreen_Generation = YES;
				INFOPLIST_KEY_UISupportedInterfaceOrientations = UIInterfaceOrientationPortrait;
				INFOPLIST_KEY_UISupportedInterfaceOrientations_iPad = "UIInterfaceOrientationPortrait UIInterfaceOrientationPortraitUpsideDown UIInterfaceOrientationLandscapeLeft UIInterfaceOrientationLandscapeRight";
				INFOPLIST_KEY_UISupportedInterfaceOrientations_iPhone = UIInterfaceOrientationPortrait;
				INFOPLIST_KEY_UIUserInterfaceStyle = Light;
				IPHONEOS_DEPLOYMENT_TARGET = 16.0;
				LD_RUNPATH_SEARCH_PATHS = (
					"$(inherited)",
					"@executable_path/Frameworks",
				);
				MARKETING_VERSION = 1.0;
				PRODUCT_BUNDLE_IDENTIFIER = mbabicz.SwiftMeal;
				PRODUCT_NAME = "$(TARGET_NAME)";
				SWIFT_EMIT_LOC_STRINGS = YES;
				SWIFT_VERSION = 5.0;
				TARGETED_DEVICE_FAMILY = "1,2";
			};
			name = Debug;
		};
		29211FF329DB6DC2000661FB /* Release */ = {
			isa = XCBuildConfiguration;
			baseConfigurationReference = 254E401E1FA7D3EC1B7FD5E4 /* Pods-SwiftMeal.release.xcconfig */;
			buildSettings = {
				ASSETCATALOG_COMPILER_APPICON_NAME = AppIcon;
				ASSETCATALOG_COMPILER_GLOBAL_ACCENT_COLOR_NAME = AccentColor;
				ASSETCATALOG_COMPILER_INCLUDE_ALL_APPICON_ASSETS = NO;
				CODE_SIGN_STYLE = Automatic;
				CURRENT_PROJECT_VERSION = 1;
				DEVELOPMENT_ASSET_PATHS = "\"SwiftMeal/Preview Content\"";
				DEVELOPMENT_TEAM = TU72F4GFFV;
				ENABLE_PREVIEWS = YES;
				GENERATE_INFOPLIST_FILE = YES;
				INFOPLIST_KEY_UIApplicationSceneManifest_Generation = YES;
				INFOPLIST_KEY_UIApplicationSupportsIndirectInputEvents = YES;
				INFOPLIST_KEY_UILaunchScreen_Generation = YES;
				INFOPLIST_KEY_UISupportedInterfaceOrientations = UIInterfaceOrientationPortrait;
				INFOPLIST_KEY_UISupportedInterfaceOrientations_iPad = "UIInterfaceOrientationPortrait UIInterfaceOrientationPortraitUpsideDown UIInterfaceOrientationLandscapeLeft UIInterfaceOrientationLandscapeRight";
				INFOPLIST_KEY_UISupportedInterfaceOrientations_iPhone = UIInterfaceOrientationPortrait;
				INFOPLIST_KEY_UIUserInterfaceStyle = Light;
				IPHONEOS_DEPLOYMENT_TARGET = 16.0;
				LD_RUNPATH_SEARCH_PATHS = (
					"$(inherited)",
					"@executable_path/Frameworks",
				);
				MARKETING_VERSION = 1.0;
				PRODUCT_BUNDLE_IDENTIFIER = mbabicz.SwiftMeal;
				PRODUCT_NAME = "$(TARGET_NAME)";
				SWIFT_EMIT_LOC_STRINGS = YES;
				SWIFT_VERSION = 5.0;
				TARGETED_DEVICE_FAMILY = "1,2";
			};
			name = Release;
		};
		29211FF529DB6DC2000661FB /* Debug */ = {
			isa = XCBuildConfiguration;
			baseConfigurationReference = E39B5AD3EA590ED6C27EA36F /* Pods-SwiftMealTests.debug.xcconfig */;
			buildSettings = {
				ALWAYS_EMBED_SWIFT_STANDARD_LIBRARIES = YES;
				BUNDLE_LOADER = "$(TEST_HOST)";
				CODE_SIGN_STYLE = Automatic;
				CURRENT_PROJECT_VERSION = 1;
				DEVELOPMENT_TEAM = TU72F4GFFV;
				GENERATE_INFOPLIST_FILE = YES;
				IPHONEOS_DEPLOYMENT_TARGET = 16.4;
				MARKETING_VERSION = 1.0;
				PRODUCT_BUNDLE_IDENTIFIER = mbabicz.SwiftMealTests;
				PRODUCT_NAME = "$(TARGET_NAME)";
				SWIFT_EMIT_LOC_STRINGS = NO;
				SWIFT_VERSION = 5.0;
				TARGETED_DEVICE_FAMILY = "1,2";
				TEST_HOST = "$(BUILT_PRODUCTS_DIR)/SwiftMeal.app/$(BUNDLE_EXECUTABLE_FOLDER_PATH)/SwiftMeal";
			};
			name = Debug;
		};
		29211FF629DB6DC2000661FB /* Release */ = {
			isa = XCBuildConfiguration;
			baseConfigurationReference = C5738FBA1449195BE49417A2 /* Pods-SwiftMealTests.release.xcconfig */;
			buildSettings = {
				ALWAYS_EMBED_SWIFT_STANDARD_LIBRARIES = YES;
				BUNDLE_LOADER = "$(TEST_HOST)";
				CODE_SIGN_STYLE = Automatic;
				CURRENT_PROJECT_VERSION = 1;
				DEVELOPMENT_TEAM = TU72F4GFFV;
				GENERATE_INFOPLIST_FILE = YES;
				IPHONEOS_DEPLOYMENT_TARGET = 16.4;
				MARKETING_VERSION = 1.0;
				PRODUCT_BUNDLE_IDENTIFIER = mbabicz.SwiftMealTests;
				PRODUCT_NAME = "$(TARGET_NAME)";
				SWIFT_EMIT_LOC_STRINGS = NO;
				SWIFT_VERSION = 5.0;
				TARGETED_DEVICE_FAMILY = "1,2";
				TEST_HOST = "$(BUILT_PRODUCTS_DIR)/SwiftMeal.app/$(BUNDLE_EXECUTABLE_FOLDER_PATH)/SwiftMeal";
			};
			name = Release;
		};
		29211FF829DB6DC2000661FB /* Debug */ = {
			isa = XCBuildConfiguration;
			baseConfigurationReference = 487A804D19A4E3CC55D8A920 /* Pods-SwiftMeal-SwiftMealUITests.debug.xcconfig */;
			buildSettings = {
				ALWAYS_EMBED_SWIFT_STANDARD_LIBRARIES = YES;
				CODE_SIGN_STYLE = Automatic;
				CURRENT_PROJECT_VERSION = 1;
				DEVELOPMENT_TEAM = TU72F4GFFV;
				GENERATE_INFOPLIST_FILE = YES;
				MARKETING_VERSION = 1.0;
				PRODUCT_BUNDLE_IDENTIFIER = mbabicz.SwiftMealUITests;
				PRODUCT_NAME = "$(TARGET_NAME)";
				SWIFT_EMIT_LOC_STRINGS = NO;
				SWIFT_VERSION = 5.0;
				TARGETED_DEVICE_FAMILY = "1,2";
				TEST_TARGET_NAME = SwiftMeal;
			};
			name = Debug;
		};
		29211FF929DB6DC2000661FB /* Release */ = {
			isa = XCBuildConfiguration;
			baseConfigurationReference = 0A405FB74421A65E0599929F /* Pods-SwiftMeal-SwiftMealUITests.release.xcconfig */;
			buildSettings = {
				ALWAYS_EMBED_SWIFT_STANDARD_LIBRARIES = YES;
				CODE_SIGN_STYLE = Automatic;
				CURRENT_PROJECT_VERSION = 1;
				DEVELOPMENT_TEAM = TU72F4GFFV;
				GENERATE_INFOPLIST_FILE = YES;
				MARKETING_VERSION = 1.0;
				PRODUCT_BUNDLE_IDENTIFIER = mbabicz.SwiftMealUITests;
				PRODUCT_NAME = "$(TARGET_NAME)";
				SWIFT_EMIT_LOC_STRINGS = NO;
				SWIFT_VERSION = 5.0;
				TARGETED_DEVICE_FAMILY = "1,2";
				TEST_TARGET_NAME = SwiftMeal;
			};
			name = Release;
		};
/* End XCBuildConfiguration section */

/* Begin XCConfigurationList section */
		29211FC829DB6DC0000661FB /* Build configuration list for PBXProject "SwiftMeal" */ = {
			isa = XCConfigurationList;
			buildConfigurations = (
				29211FEF29DB6DC2000661FB /* Debug */,
				29211FF029DB6DC2000661FB /* Release */,
			);
			defaultConfigurationIsVisible = 0;
			defaultConfigurationName = Release;
		};
		29211FF129DB6DC2000661FB /* Build configuration list for PBXNativeTarget "SwiftMeal" */ = {
			isa = XCConfigurationList;
			buildConfigurations = (
				29211FF229DB6DC2000661FB /* Debug */,
				29211FF329DB6DC2000661FB /* Release */,
			);
			defaultConfigurationIsVisible = 0;
			defaultConfigurationName = Release;
		};
		29211FF429DB6DC2000661FB /* Build configuration list for PBXNativeTarget "SwiftMealTests" */ = {
			isa = XCConfigurationList;
			buildConfigurations = (
				29211FF529DB6DC2000661FB /* Debug */,
				29211FF629DB6DC2000661FB /* Release */,
			);
			defaultConfigurationIsVisible = 0;
			defaultConfigurationName = Release;
		};
		29211FF729DB6DC2000661FB /* Build configuration list for PBXNativeTarget "SwiftMealUITests" */ = {
			isa = XCConfigurationList;
			buildConfigurations = (
				29211FF829DB6DC2000661FB /* Debug */,
				29211FF929DB6DC2000661FB /* Release */,
			);
			defaultConfigurationIsVisible = 0;
			defaultConfigurationName = Release;
		};
/* End XCConfigurationList section */
	};
	rootObject = 29211FC529DB6DC0000661FB /* Project object */;
}
